// !$*UTF8*$!
{
	archiveVersion = 1;
	classes = {
	};
	objectVersion = 50;
	objects = {

/* Begin PBXBuildFile section */
		AAE2E8B5261ED3D90058EE13 /* AppDelegate.swift in Sources */ = {isa = PBXBuildFile; fileRef = AAE2E8B4261ED3D90058EE13 /* AppDelegate.swift */; };
		AAE2E8B7261ED3D90058EE13 /* SceneDelegate.swift in Sources */ = {isa = PBXBuildFile; fileRef = AAE2E8B6261ED3D90058EE13 /* SceneDelegate.swift */; };
		AAE2E8B9261ED3D90058EE13 /* ViewController.swift in Sources */ = {isa = PBXBuildFile; fileRef = AAE2E8B8261ED3D90058EE13 /* ViewController.swift */; };
		AAE2E8BC261ED3D90058EE13 /* Main.storyboard in Resources */ = {isa = PBXBuildFile; fileRef = AAE2E8BA261ED3D90058EE13 /* Main.storyboard */; };
		AAE2E8BF261ED3D90058EE13 /* Demo.xcdatamodeld in Sources */ = {isa = PBXBuildFile; fileRef = AAE2E8BD261ED3D90058EE13 /* Demo.xcdatamodeld */; };
		AAE2E8C1261ED3DA0058EE13 /* Assets.xcassets in Resources */ = {isa = PBXBuildFile; fileRef = AAE2E8C0261ED3DA0058EE13 /* Assets.xcassets */; };
		AAE2E8C4261ED3DA0058EE13 /* LaunchScreen.storyboard in Resources */ = {isa = PBXBuildFile; fileRef = AAE2E8C2261ED3DA0058EE13 /* LaunchScreen.storyboard */; };
		AAE2E8CF261ED3DB0058EE13 /* DemoTests.swift in Sources */ = {isa = PBXBuildFile; fileRef = AAE2E8CE261ED3DB0058EE13 /* DemoTests.swift */; };
		AAE2E8DA261ED3DB0058EE13 /* DemoUITests.swift in Sources */ = {isa = PBXBuildFile; fileRef = AAE2E8D9261ED3DB0058EE13 /* DemoUITests.swift */; };
/* End PBXBuildFile section */

/* Begin PBXContainerItemProxy section */
		AAE2E8CB261ED3DB0058EE13 /* PBXContainerItemProxy */ = {
			isa = PBXContainerItemProxy;
			containerPortal = AAE2E8A9261ED3D90058EE13 /* Project object */;
			proxyType = 1;
			remoteGlobalIDString = AAE2E8B0261ED3D90058EE13;
			remoteInfo = Demo;
		};
		AAE2E8D6261ED3DB0058EE13 /* PBXContainerItemProxy */ = {
			isa = PBXContainerItemProxy;
			containerPortal = AAE2E8A9261ED3D90058EE13 /* Project object */;
			proxyType = 1;
			remoteGlobalIDString = AAE2E8B0261ED3D90058EE13;
			remoteInfo = Demo;
		};
/* End PBXContainerItemProxy section */

/* Begin PBXFileReference section */
		AAE2E8B1261ED3D90058EE13 /* Demo.app */ = {isa = PBXFileReference; explicitFileType = wrapper.application; includeInIndex = 0; path = Demo.app; sourceTree = BUILT_PRODUCTS_DIR; };
		AAE2E8B4261ED3D90058EE13 /* AppDelegate.swift */ = {isa = PBXFileReference; lastKnownFileType = sourcecode.swift; path = AppDelegate.swift; sourceTree = "<group>"; };
		AAE2E8B6261ED3D90058EE13 /* SceneDelegate.swift */ = {isa = PBXFileReference; lastKnownFileType = sourcecode.swift; path = SceneDelegate.swift; sourceTree = "<group>"; };
		AAE2E8B8261ED3D90058EE13 /* ViewController.swift */ = {isa = PBXFileReference; lastKnownFileType = sourcecode.swift; path = ViewController.swift; sourceTree = "<group>"; };
		AAE2E8BB261ED3D90058EE13 /* Base */ = {isa = PBXFileReference; lastKnownFileType = file.storyboard; name = Base; path = Base.lproj/Main.storyboard; sourceTree = "<group>"; };
		AAE2E8BE261ED3D90058EE13 /* Demo.xcdatamodel */ = {isa = PBXFileReference; lastKnownFileType = wrapper.xcdatamodel; path = Demo.xcdatamodel; sourceTree = "<group>"; };
		AAE2E8C0261ED3DA0058EE13 /* Assets.xcassets */ = {isa = PBXFileReference; lastKnownFileType = folder.assetcatalog; path = Assets.xcassets; sourceTree = "<group>"; };
		AAE2E8C3261ED3DA0058EE13 /* Base */ = {isa = PBXFileReference; lastKnownFileType = file.storyboard; name = Base; path = Base.lproj/LaunchScreen.storyboard; sourceTree = "<group>"; };
		AAE2E8C5261ED3DA0058EE13 /* Info.plist */ = {isa = PBXFileReference; lastKnownFileType = text.plist.xml; path = Info.plist; sourceTree = "<group>"; };
		AAE2E8CA261ED3DB0058EE13 /* DemoTests.xctest */ = {isa = PBXFileReference; explicitFileType = wrapper.cfbundle; includeInIndex = 0; path = DemoTests.xctest; sourceTree = BUILT_PRODUCTS_DIR; };
		AAE2E8CE261ED3DB0058EE13 /* DemoTests.swift */ = {isa = PBXFileReference; lastKnownFileType = sourcecode.swift; path = DemoTests.swift; sourceTree = "<group>"; };
		AAE2E8D0261ED3DB0058EE13 /* Info.plist */ = {isa = PBXFileReference; lastKnownFileType = text.plist.xml; path = Info.plist; sourceTree = "<group>"; };
		AAE2E8D5261ED3DB0058EE13 /* DemoUITests.xctest */ = {isa = PBXFileReference; explicitFileType = wrapper.cfbundle; includeInIndex = 0; path = DemoUITests.xctest; sourceTree = BUILT_PRODUCTS_DIR; };
		AAE2E8D9261ED3DB0058EE13 /* DemoUITests.swift */ = {isa = PBXFileReference; lastKnownFileType = sourcecode.swift; path = DemoUITests.swift; sourceTree = "<group>"; };
		AAE2E8DB261ED3DB0058EE13 /* Info.plist */ = {isa = PBXFileReference; lastKnownFileType = text.plist.xml; path = Info.plist; sourceTree = "<group>"; };
/* End PBXFileReference section */

/* Begin PBXFrameworksBuildPhase section */
		AAE2E8AE261ED3D90058EE13 /* Frameworks */ = {
			isa = PBXFrameworksBuildPhase;
			buildActionMask = 2147483647;
			files = (
			);
			runOnlyForDeploymentPostprocessing = 0;
		};
		AAE2E8C7261ED3DB0058EE13 /* Frameworks */ = {
			isa = PBXFrameworksBuildPhase;
			buildActionMask = 2147483647;
			files = (
			);
			runOnlyForDeploymentPostprocessing = 0;
		};
		AAE2E8D2261ED3DB0058EE13 /* Frameworks */ = {
			isa = PBXFrameworksBuildPhase;
			buildActionMask = 2147483647;
			files = (
			);
			runOnlyForDeploymentPostprocessing = 0;
		};
/* End PBXFrameworksBuildPhase section */

/* Begin PBXGroup section */
		AAE2E8A8261ED3D90058EE13 = {
			isa = PBXGroup;
			children = (
				AAE2E8B3261ED3D90058EE13 /* Demo */,
				AAE2E8CD261ED3DB0058EE13 /* DemoTests */,
				AAE2E8D8261ED3DB0058EE13 /* DemoUITests */,
				AAE2E8B2261ED3D90058EE13 /* Products */,
			);
			sourceTree = "<group>";
		};
		AAE2E8B2261ED3D90058EE13 /* Products */ = {
			isa = PBXGroup;
			children = (
				AAE2E8B1261ED3D90058EE13 /* Demo.app */,
				AAE2E8CA261ED3DB0058EE13 /* DemoTests.xctest */,
				AAE2E8D5261ED3DB0058EE13 /* DemoUITests.xctest */,
			);
			name = Products;
			sourceTree = "<group>";
		};
		AAE2E8B3261ED3D90058EE13 /* Demo */ = {
			isa = PBXGroup;
			children = (
				AAE2E8B4261ED3D90058EE13 /* AppDelegate.swift */,
				AAE2E8B6261ED3D90058EE13 /* SceneDelegate.swift */,
				AAE2E8B8261ED3D90058EE13 /* ViewController.swift */,
				AAE2E8BA261ED3D90058EE13 /* Main.storyboard */,
				AAE2E8C0261ED3DA0058EE13 /* Assets.xcassets */,
				AAE2E8C2261ED3DA0058EE13 /* LaunchScreen.storyboard */,
				AAE2E8C5261ED3DA0058EE13 /* Info.plist */,
				AAE2E8BD261ED3D90058EE13 /* Demo.xcdatamodeld */,
			);
			path = Demo;
			sourceTree = "<group>";
		};
		AAE2E8CD261ED3DB0058EE13 /* DemoTests */ = {
			isa = PBXGroup;
			children = (
				AAE2E8CE261ED3DB0058EE13 /* DemoTests.swift */,
				AAE2E8D0261ED3DB0058EE13 /* Info.plist */,
			);
			path = DemoTests;
			sourceTree = "<group>";
		};
		AAE2E8D8261ED3DB0058EE13 /* DemoUITests */ = {
			isa = PBXGroup;
			children = (
				AAE2E8D9261ED3DB0058EE13 /* DemoUITests.swift */,
				AAE2E8DB261ED3DB0058EE13 /* Info.plist */,
			);
			path = DemoUITests;
			sourceTree = "<group>";
		};
/* End PBXGroup section */

/* Begin PBXNativeTarget section */
		AAE2E8B0261ED3D90058EE13 /* Demo */ = {
			isa = PBXNativeTarget;
			buildConfigurationList = AAE2E8DE261ED3DB0058EE13 /* Build configuration list for PBXNativeTarget "Demo" */;
			buildPhases = (
				AAE2E8AD261ED3D90058EE13 /* Sources */,
				AAE2E8AE261ED3D90058EE13 /* Frameworks */,
				AAE2E8AF261ED3D90058EE13 /* Resources */,
			);
			buildRules = (
			);
			dependencies = (
			);
			name = Demo;
			productName = Demo;
			productReference = AAE2E8B1261ED3D90058EE13 /* Demo.app */;
			productType = "com.apple.product-type.application";
		};
		AAE2E8C9261ED3DB0058EE13 /* DemoTests */ = {
			isa = PBXNativeTarget;
			buildConfigurationList = AAE2E8E1261ED3DB0058EE13 /* Build configuration list for PBXNativeTarget "DemoTests" */;
			buildPhases = (
				AAE2E8C6261ED3DB0058EE13 /* Sources */,
				AAE2E8C7261ED3DB0058EE13 /* Frameworks */,
				AAE2E8C8261ED3DB0058EE13 /* Resources */,
			);
			buildRules = (
			);
			dependencies = (
				AAE2E8CC261ED3DB0058EE13 /* PBXTargetDependency */,
			);
			name = DemoTests;
			productName = DemoTests;
			productReference = AAE2E8CA261ED3DB0058EE13 /* DemoTests.xctest */;
			productType = "com.apple.product-type.bundle.unit-test";
		};
		AAE2E8D4261ED3DB0058EE13 /* DemoUITests */ = {
			isa = PBXNativeTarget;
			buildConfigurationList = AAE2E8E4261ED3DB0058EE13 /* Build configuration list for PBXNativeTarget "DemoUITests" */;
			buildPhases = (
				AAE2E8D1261ED3DB0058EE13 /* Sources */,
				AAE2E8D2261ED3DB0058EE13 /* Frameworks */,
				AAE2E8D3261ED3DB0058EE13 /* Resources */,
			);
			buildRules = (
			);
			dependencies = (
				AAE2E8D7261ED3DB0058EE13 /* PBXTargetDependency */,
			);
			name = DemoUITests;
			productName = DemoUITests;
			productReference = AAE2E8D5261ED3DB0058EE13 /* DemoUITests.xctest */;
			productType = "com.apple.product-type.bundle.ui-testing";
		};
/* End PBXNativeTarget section */

/* Begin PBXProject section */
		AAE2E8A9261ED3D90058EE13 /* Project object */ = {
			isa = PBXProject;
			attributes = {
				LastSwiftUpdateCheck = 1240;
				LastUpgradeCheck = 1240;
				TargetAttributes = {
					AAE2E8B0261ED3D90058EE13 = {
						CreatedOnToolsVersion = 12.4;
					};
					AAE2E8C9261ED3DB0058EE13 = {
						CreatedOnToolsVersion = 12.4;
						TestTargetID = AAE2E8B0261ED3D90058EE13;
					};
					AAE2E8D4261ED3DB0058EE13 = {
						CreatedOnToolsVersion = 12.4;
						TestTargetID = AAE2E8B0261ED3D90058EE13;
					};
				};
			};
			buildConfigurationList = AAE2E8AC261ED3D90058EE13 /* Build configuration list for PBXProject "Demo" */;
			compatibilityVersion = "Xcode 9.3";
			developmentRegion = en;
			hasScannedForEncodings = 0;
			knownRegions = (
				en,
				Base,
			);
			mainGroup = AAE2E8A8261ED3D90058EE13;
			productRefGroup = AAE2E8B2261ED3D90058EE13 /* Products */;
			projectDirPath = "";
			projectRoot = "";
			targets = (
				AAE2E8B0261ED3D90058EE13 /* Demo */,
				AAE2E8C9261ED3DB0058EE13 /* DemoTests */,
				AAE2E8D4261ED3DB0058EE13 /* DemoUITests */,
			);
		};
/* End PBXProject section */

/* Begin PBXResourcesBuildPhase section */
		AAE2E8AF261ED3D90058EE13 /* Resources */ = {
			isa = PBXResourcesBuildPhase;
			buildActionMask = 2147483647;
			files = (
				AAE2E8C4261ED3DA0058EE13 /* LaunchScreen.storyboard in Resources */,
				AAE2E8C1261ED3DA0058EE13 /* Assets.xcassets in Resources */,
				AAE2E8BC261ED3D90058EE13 /* Main.storyboard in Resources */,
			);
			runOnlyForDeploymentPostprocessing = 0;
		};
		AAE2E8C8261ED3DB0058EE13 /* Resources */ = {
			isa = PBXResourcesBuildPhase;
			buildActionMask = 2147483647;
			files = (
			);
			runOnlyForDeploymentPostprocessing = 0;
		};
		AAE2E8D3261ED3DB0058EE13 /* Resources */ = {
			isa = PBXResourcesBuildPhase;
			buildActionMask = 2147483647;
			files = (
			);
			runOnlyForDeploymentPostprocessing = 0;
		};
/* End PBXResourcesBuildPhase section */

/* Begin PBXSourcesBuildPhase section */
		AAE2E8AD261ED3D90058EE13 /* Sources */ = {
			isa = PBXSourcesBuildPhase;
			buildActionMask = 2147483647;
			files = (
				AAE2E8B9261ED3D90058EE13 /* ViewController.swift in Sources */,
				AAE2E8B5261ED3D90058EE13 /* AppDelegate.swift in Sources */,
				AAE2E8BF261ED3D90058EE13 /* Demo.xcdatamodeld in Sources */,
				AAE2E8B7261ED3D90058EE13 /* SceneDelegate.swift in Sources */,
			);
			runOnlyForDeploymentPostprocessing = 0;
		};
		AAE2E8C6261ED3DB0058EE13 /* Sources */ = {
			isa = PBXSourcesBuildPhase;
			buildActionMask = 2147483647;
			files = (
				AAE2E8CF261ED3DB0058EE13 /* DemoTests.swift in Sources */,
			);
			runOnlyForDeploymentPostprocessing = 0;
		};
		AAE2E8D1261ED3DB0058EE13 /* Sources */ = {
			isa = PBXSourcesBuildPhase;
			buildActionMask = 2147483647;
			files = (
				AAE2E8DA261ED3DB0058EE13 /* DemoUITests.swift in Sources */,
			);
			runOnlyForDeploymentPostprocessing = 0;
		};
/* End PBXSourcesBuildPhase section */

/* Begin PBXTargetDependency section */
		AAE2E8CC261ED3DB0058EE13 /* PBXTargetDependency */ = {
			isa = PBXTargetDependency;
			target = AAE2E8B0261ED3D90058EE13 /* Demo */;
			targetProxy = AAE2E8CB261ED3DB0058EE13 /* PBXContainerItemProxy */;
		};
		AAE2E8D7261ED3DB0058EE13 /* PBXTargetDependency */ = {
			isa = PBXTargetDependency;
			target = AAE2E8B0261ED3D90058EE13 /* Demo */;
			targetProxy = AAE2E8D6261ED3DB0058EE13 /* PBXContainerItemProxy */;
		};
/* End PBXTargetDependency section */

/* Begin PBXVariantGroup section */
		AAE2E8BA261ED3D90058EE13 /* Main.storyboard */ = {
			isa = PBXVariantGroup;
			children = (
				AAE2E8BB261ED3D90058EE13 /* Base */,
			);
			name = Main.storyboard;
			sourceTree = "<group>";
		};
		AAE2E8C2261ED3DA0058EE13 /* LaunchScreen.storyboard */ = {
			isa = PBXVariantGroup;
			children = (
				AAE2E8C3261ED3DA0058EE13 /* Base */,
			);
			name = LaunchScreen.storyboard;
			sourceTree = "<group>";
		};
/* End PBXVariantGroup section */

/* Begin XCBuildConfiguration section */
		AAE2E8DC261ED3DB0058EE13 /* Debug */ = {
			isa = XCBuildConfiguration;
			buildSettings = {
				ALWAYS_SEARCH_USER_PATHS = NO;
				CLANG_ANALYZER_NONNULL = YES;
				CLANG_ANALYZER_NUMBER_OBJECT_CONVERSION = YES_AGGRESSIVE;
				CLANG_CXX_LANGUAGE_STANDARD = "gnu++14";
				CLANG_CXX_LIBRARY = "libc++";
				CLANG_ENABLE_MODULES = YES;
				CLANG_ENABLE_OBJC_ARC = YES;
				CLANG_ENABLE_OBJC_WEAK = YES;
				CLANG_WARN_BLOCK_CAPTURE_AUTORELEASING = YES;
				CLANG_WARN_BOOL_CONVERSION = YES;
				CLANG_WARN_COMMA = YES;
				CLANG_WARN_CONSTANT_CONVERSION = YES;
				CLANG_WARN_DEPRECATED_OBJC_IMPLEMENTATIONS = YES;
				CLANG_WARN_DIRECT_OBJC_ISA_USAGE = YES_ERROR;
				CLANG_WARN_DOCUMENTATION_COMMENTS = YES;
				CLANG_WARN_EMPTY_BODY = YES;
				CLANG_WARN_ENUM_CONVERSION = YES;
				CLANG_WARN_INFINITE_RECURSION = YES;
				CLANG_WARN_INT_CONVERSION = YES;
				CLANG_WARN_NON_LITERAL_NULL_CONVERSION = YES;
				CLANG_WARN_OBJC_IMPLICIT_RETAIN_SELF = YES;
				CLANG_WARN_OBJC_LITERAL_CONVERSION = YES;
				CLANG_WARN_OBJC_ROOT_CLASS = YES_ERROR;
				CLANG_WARN_QUOTED_INCLUDE_IN_FRAMEWORK_HEADER = YES;
				CLANG_WARN_RANGE_LOOP_ANALYSIS = YES;
				CLANG_WARN_STRICT_PROTOTYPES = YES;
				CLANG_WARN_SUSPICIOUS_MOVE = YES;
				CLANG_WARN_UNGUARDED_AVAILABILITY = YES_AGGRESSIVE;
				CLANG_WARN_UNREACHABLE_CODE = YES;
				CLANG_WARN__DUPLICATE_METHOD_MATCH = YES;
				COPY_PHASE_STRIP = NO;
				DEBUG_INFORMATION_FORMAT = dwarf;
				ENABLE_STRICT_OBJC_MSGSEND = YES;
				ENABLE_TESTABILITY = YES;
				GCC_C_LANGUAGE_STANDARD = gnu11;
				GCC_DYNAMIC_NO_PIC = NO;
				GCC_NO_COMMON_BLOCKS = YES;
				GCC_OPTIMIZATION_LEVEL = 0;
				GCC_PREPROCESSOR_DEFINITIONS = (
					"DEBUG=1",
					"$(inherited)",
				);
				GCC_WARN_64_TO_32_BIT_CONVERSION = YES;
				GCC_WARN_ABOUT_RETURN_TYPE = YES_ERROR;
				GCC_WARN_UNDECLARED_SELECTOR = YES;
				GCC_WARN_UNINITIALIZED_AUTOS = YES_AGGRESSIVE;
				GCC_WARN_UNUSED_FUNCTION = YES;
				GCC_WARN_UNUSED_VARIABLE = YES;
				IPHONEOS_DEPLOYMENT_TARGET = 14.4;
				MTL_ENABLE_DEBUG_INFO = INCLUDE_SOURCE;
				MTL_FAST_MATH = YES;
				ONLY_ACTIVE_ARCH = YES;
				SDKROOT = iphoneos;
				SWIFT_ACTIVE_COMPILATION_CONDITIONS = DEBUG;
				SWIFT_OPTIMIZATION_LEVEL = "-Onone";
			};
			name = Debug;
		};
		AAE2E8DD261ED3DB0058EE13 /* Release */ = {
			isa = XCBuildConfiguration;
			buildSettings = {
				ALWAYS_SEARCH_USER_PATHS = NO;
				CLANG_ANALYZER_NONNULL = YES;
				CLANG_ANALYZER_NUMBER_OBJECT_CONVERSION = YES_AGGRESSIVE;
				CLANG_CXX_LANGUAGE_STANDARD = "gnu++14";
				CLANG_CXX_LIBRARY = "libc++";
				CLANG_ENABLE_MODULES = YES;
				CLANG_ENABLE_OBJC_ARC = YES;
				CLANG_ENABLE_OBJC_WEAK = YES;
				CLANG_WARN_BLOCK_CAPTURE_AUTORELEASING = YES;
				CLANG_WARN_BOOL_CONVERSION = YES;
				CLANG_WARN_COMMA = YES;
				CLANG_WARN_CONSTANT_CONVERSION = YES;
				CLANG_WARN_DEPRECATED_OBJC_IMPLEMENTATIONS = YES;
				CLANG_WARN_DIRECT_OBJC_ISA_USAGE = YES_ERROR;
				CLANG_WARN_DOCUMENTATION_COMMENTS = YES;
				CLANG_WARN_EMPTY_BODY = YES;
				CLANG_WARN_ENUM_CONVERSION = YES;
				CLANG_WARN_INFINITE_RECURSION = YES;
				CLANG_WARN_INT_CONVERSION = YES;
				CLANG_WARN_NON_LITERAL_NULL_CONVERSION = YES;
				CLANG_WARN_OBJC_IMPLICIT_RETAIN_SELF = YES;
				CLANG_WARN_OBJC_LITERAL_CONVERSION = YES;
				CLANG_WARN_OBJC_ROOT_CLASS = YES_ERROR;
				CLANG_WARN_QUOTED_INCLUDE_IN_FRAMEWORK_HEADER = YES;
				CLANG_WARN_RANGE_LOOP_ANALYSIS = YES;
				CLANG_WARN_STRICT_PROTOTYPES = YES;
				CLANG_WARN_SUSPICIOUS_MOVE = YES;
				CLANG_WARN_UNGUARDED_AVAILABILITY = YES_AGGRESSIVE;
				CLANG_WARN_UNREACHABLE_CODE = YES;
				CLANG_WARN__DUPLICATE_METHOD_MATCH = YES;
				COPY_PHASE_STRIP = NO;
				DEBUG_INFORMATION_FORMAT = "dwarf-with-dsym";
				ENABLE_NS_ASSERTIONS = NO;
				ENABLE_STRICT_OBJC_MSGSEND = YES;
				GCC_C_LANGUAGE_STANDARD = gnu11;
				GCC_NO_COMMON_BLOCKS = YES;
				GCC_WARN_64_TO_32_BIT_CONVERSION = YES;
				GCC_WARN_ABOUT_RETURN_TYPE = YES_ERROR;
				GCC_WARN_UNDECLARED_SELECTOR = YES;
				GCC_WARN_UNINITIALIZED_AUTOS = YES_AGGRESSIVE;
				GCC_WARN_UNUSED_FUNCTION = YES;
				GCC_WARN_UNUSED_VARIABLE = YES;
				IPHONEOS_DEPLOYMENT_TARGET = 14.4;
				MTL_ENABLE_DEBUG_INFO = NO;
				MTL_FAST_MATH = YES;
				SDKROOT = iphoneos;
				SWIFT_COMPILATION_MODE = wholemodule;
				SWIFT_OPTIMIZATION_LEVEL = "-O";
				VALIDATE_PRODUCT = YES;
			};
			name = Release;
		};
		AAE2E8DF261ED3DB0058EE13 /* Debug */ = {
			isa = XCBuildConfiguration;
			buildSettings = {
				ASSETCATALOG_COMPILER_APPICON_NAME = AppIcon;
				ASSETCATALOG_COMPILER_GLOBAL_ACCENT_COLOR_NAME = AccentColor;
				CODE_SIGN_STYLE = Automatic;
				DEVELOPMENT_TEAM = 7LPSTH4CZ2;
				INFOPLIST_FILE = Demo/Info.plist;
				LD_RUNPATH_SEARCH_PATHS = (
					"$(inherited)",
					"@executable_path/Frameworks",
				);
				PRODUCT_BUNDLE_IDENTIFIER = com.kl.test.Demo;
				PRODUCT_NAME = "$(TARGET_NAME)";
				SWIFT_VERSION = 5.0;
				TARGETED_DEVICE_FAMILY = "1,2";
			};
			name = Debug;
		};
		AAE2E8E0261ED3DB0058EE13 /* Release */ = {
			isa = XCBuildConfiguration;
			buildSettings = {
				ASSETCATALOG_COMPILER_APPICON_NAME = AppIcon;
				ASSETCATALOG_COMPILER_GLOBAL_ACCENT_COLOR_NAME = AccentColor;
				CODE_SIGN_STYLE = Automatic;
				DEVELOPMENT_TEAM = 7LPSTH4CZ2;
				INFOPLIST_FILE = Demo/Info.plist;
				LD_RUNPATH_SEARCH_PATHS = (
					"$(inherited)",
					"@executable_path/Frameworks",
				);
				PRODUCT_BUNDLE_IDENTIFIER = com.kl.test.Demo;
				PRODUCT_NAME = "$(TARGET_NAME)";
				SWIFT_VERSION = 5.0;
				TARGETED_DEVICE_FAMILY = "1,2";
			};
			name = Release;
		};
		AAE2E8E2261ED3DB0058EE13 /* Debug */ = {
			isa = XCBuildConfiguration;
			buildSettings = {
				ALWAYS_EMBED_SWIFT_STANDARD_LIBRARIES = YES;
				BUNDLE_LOADER = "$(TEST_HOST)";
				CODE_SIGN_STYLE = Automatic;
				DEVELOPMENT_TEAM = 7LPSTH4CZ2;
				INFOPLIST_FILE = DemoTests/Info.plist;
				IPHONEOS_DEPLOYMENT_TARGET = 14.4;
				LD_RUNPATH_SEARCH_PATHS = (
					"$(inherited)",
					"@executable_path/Frameworks",
					"@loader_path/Frameworks",
				);
				PRODUCT_BUNDLE_IDENTIFIER = com.kl.test.DemoTests;
				PRODUCT_NAME = "$(TARGET_NAME)";
				SWIFT_VERSION = 5.0;
				TARGETED_DEVICE_FAMILY = "1,2";
				TEST_HOST = "$(BUILT_PRODUCTS_DIR)/Demo.app/Demo";
			};
			name = Debug;
		};
		AAE2E8E3261ED3DB0058EE13 /* Release */ = {
			isa = XCBuildConfiguration;
			buildSettings = {
				ALWAYS_EMBED_SWIFT_STANDARD_LIBRARIES = YES;
				BUNDLE_LOADER = "$(TEST_HOST)";
				CODE_SIGN_STYLE = Automatic;
				DEVELOPMENT_TEAM = 7LPSTH4CZ2;
				INFOPLIST_FILE = DemoTests/Info.plist;
				IPHONEOS_DEPLOYMENT_TARGET = 14.4;
				LD_RUNPATH_SEARCH_PATHS = (
					"$(inherited)",
					"@executable_path/Frameworks",
					"@loader_path/Frameworks",
				);
				PRODUCT_BUNDLE_IDENTIFIER = com.kl.test.DemoTests;
				PRODUCT_NAME = "$(TARGET_NAME)";
				SWIFT_VERSION = 5.0;
				TARGETED_DEVICE_FAMILY = "1,2";
				TEST_HOST = "$(BUILT_PRODUCTS_DIR)/Demo.app/Demo";
			};
			name = Release;
		};
		AAE2E8E5261ED3DB0058EE13 /* Debug */ = {
			isa = XCBuildConfiguration;
			buildSettings = {
				ALWAYS_EMBED_SWIFT_STANDARD_LIBRARIES = YES;
				CODE_SIGN_STYLE = Automatic;
				DEVELOPMENT_TEAM = 7LPSTH4CZ2;
				INFOPLIST_FILE = DemoUITests/Info.plist;
				LD_RUNPATH_SEARCH_PATHS = (
					"$(inherited)",
					"@executable_path/Frameworks",
					"@loader_path/Frameworks",
				);
				PRODUCT_BUNDLE_IDENTIFIER = com.kl.test.DemoUITests;
				PRODUCT_NAME = "$(TARGET_NAME)";
				SWIFT_VERSION = 5.0;
				TARGETED_DEVICE_FAMILY = "1,2";
				TEST_TARGET_NAME = Demo;
			};
			name = Debug;
		};
		AAE2E8E6261ED3DB0058EE13 /* Release */ = {
			isa = XCBuildConfiguration;
			buildSettings = {
				ALWAYS_EMBED_SWIFT_STANDARD_LIBRARIES = YES;
				CODE_SIGN_STYLE = Automatic;
				DEVELOPMENT_TEAM = 7LPSTH4CZ2;
				INFOPLIST_FILE = DemoUITests/Info.plist;
				LD_RUNPATH_SEARCH_PATHS = (
					"$(inherited)",
					"@executable_path/Frameworks",
					"@loader_path/Frameworks",
				);
				PRODUCT_BUNDLE_IDENTIFIER = com.kl.test.DemoUITests;
				PRODUCT_NAME = "$(TARGET_NAME)";
				SWIFT_VERSION = 5.0;
				TARGETED_DEVICE_FAMILY = "1,2";
				TEST_TARGET_NAME = Demo;
			};
			name = Release;
		};
/* End XCBuildConfiguration section */

/* Begin XCConfigurationList section */
		AAE2E8AC261ED3D90058EE13 /* Build configuration list for PBXProject "Demo" */ = {
			isa = XCConfigurationList;
			buildConfigurations = (
				AAE2E8DC261ED3DB0058EE13 /* Debug */,
				AAE2E8DD261ED3DB0058EE13 /* Release */,
			);
			defaultConfigurationIsVisible = 0;
			defaultConfigurationName = Release;
		};
		AAE2E8DE261ED3DB0058EE13 /* Build configuration list for PBXNativeTarget "Demo" */ = {
			isa = XCConfigurationList;
			buildConfigurations = (
				AAE2E8DF261ED3DB0058EE13 /* Debug */,
				AAE2E8E0261ED3DB0058EE13 /* Release */,
			);
			defaultConfigurationIsVisible = 0;
			defaultConfigurationName = Release;
		};
		AAE2E8E1261ED3DB0058EE13 /* Build configuration list for PBXNativeTarget "DemoTests" */ = {
			isa = XCConfigurationList;
			buildConfigurations = (
				AAE2E8E2261ED3DB0058EE13 /* Debug */,
				AAE2E8E3261ED3DB0058EE13 /* Release */,
			);
			defaultConfigurationIsVisible = 0;
			defaultConfigurationName = Release;
		};
		AAE2E8E4261ED3DB0058EE13 /* Build configuration list for PBXNativeTarget "DemoUITests" */ = {
			isa = XCConfigurationList;
			buildConfigurations = (
				AAE2E8E5261ED3DB0058EE13 /* Debug */,
				AAE2E8E6261ED3DB0058EE13 /* Release */,
			);
			defaultConfigurationIsVisible = 0;
			defaultConfigurationName = Release;
		};
/* End XCConfigurationList section */

/* Begin XCVersionGroup section */
		AAE2E8BD261ED3D90058EE13 /* Demo.xcdatamodeld */ = {
			isa = XCVersionGroup;
			children = (
				AAE2E8BE261ED3D90058EE13 /* Demo.xcdatamodel */,
			);
			currentVersion = AAE2E8BE261ED3D90058EE13 /* Demo.xcdatamodel */;
			path = Demo.xcdatamodeld;
			sourceTree = "<group>";
			versionGroupType = wrapper.xcdatamodel;
		};
/* End XCVersionGroup section */
	};
	rootObject = AAE2E8A9261ED3D90058EE13 /* Project object */;
}
