// !$*UTF8*$!
{
	archiveVersion = 1;
	classes = {
	};
	objectVersion = 50;
	objects = {

/* Begin PBXBuildFile section */
		AA52C0CB261F8DC700892EB3 /* Demo.xcdatamodeld in Sources */ = {isa = PBXBuildFile; fileRef = AA52C0C9261F8DC600892EB3 /* Demo.xcdatamodeld */; };
		AA52C0CC261F8DC700892EB3 /* Demo.xcdatamodeld in Sources */ = {isa = PBXBuildFile; fileRef = AA52C0C9261F8DC600892EB3 /* Demo.xcdatamodeld */; };
		AA52C0E2261F8F7000892EB3 /* GameDetailViewController.swift in Sources */ = {isa = PBXBuildFile; fileRef = AA52C0E1261F8F7000892EB3 /* GameDetailViewController.swift */; };
		AA52C0E3261F8F7000892EB3 /* GameDetailViewController.swift in Sources */ = {isa = PBXBuildFile; fileRef = AA52C0E1261F8F7000892EB3 /* GameDetailViewController.swift */; };
		AA52C0F6261F954000892EB3 /* HeaderImageTableViewCell.swift in Sources */ = {isa = PBXBuildFile; fileRef = AA52C0F4261F954000892EB3 /* HeaderImageTableViewCell.swift */; };
		AA52C0F7261F954000892EB3 /* HeaderImageTableViewCell.swift in Sources */ = {isa = PBXBuildFile; fileRef = AA52C0F4261F954000892EB3 /* HeaderImageTableViewCell.swift */; };
		AA52C0F8261F954000892EB3 /* HeaderImageTableViewCell.xib in Resources */ = {isa = PBXBuildFile; fileRef = AA52C0F5261F954000892EB3 /* HeaderImageTableViewCell.xib */; };
		AA52C0F9261F954000892EB3 /* HeaderImageTableViewCell.xib in Resources */ = {isa = PBXBuildFile; fileRef = AA52C0F5261F954000892EB3 /* HeaderImageTableViewCell.xib */; };
		AA52C102261F9C4B00892EB3 /* SingleLabelTableViewCell.swift in Sources */ = {isa = PBXBuildFile; fileRef = AA52C100261F9C4B00892EB3 /* SingleLabelTableViewCell.swift */; };
		AA52C103261F9C4B00892EB3 /* SingleLabelTableViewCell.swift in Sources */ = {isa = PBXBuildFile; fileRef = AA52C100261F9C4B00892EB3 /* SingleLabelTableViewCell.swift */; };
		AA52C104261F9C4B00892EB3 /* SingleLabelTableViewCell.xib in Resources */ = {isa = PBXBuildFile; fileRef = AA52C101261F9C4B00892EB3 /* SingleLabelTableViewCell.xib */; };
		AA52C105261F9C4B00892EB3 /* SingleLabelTableViewCell.xib in Resources */ = {isa = PBXBuildFile; fileRef = AA52C101261F9C4B00892EB3 /* SingleLabelTableViewCell.xib */; };
		AA52C10B261F9CEB00892EB3 /* DescriptionTableViewCell.swift in Sources */ = {isa = PBXBuildFile; fileRef = AA52C109261F9CEB00892EB3 /* DescriptionTableViewCell.swift */; };
		AA52C10C261F9CEB00892EB3 /* DescriptionTableViewCell.swift in Sources */ = {isa = PBXBuildFile; fileRef = AA52C109261F9CEB00892EB3 /* DescriptionTableViewCell.swift */; };
		AA52C10D261F9CEB00892EB3 /* DescriptionTableViewCell.xib in Resources */ = {isa = PBXBuildFile; fileRef = AA52C10A261F9CEB00892EB3 /* DescriptionTableViewCell.xib */; };
		AA52C10E261F9CEB00892EB3 /* DescriptionTableViewCell.xib in Resources */ = {isa = PBXBuildFile; fileRef = AA52C10A261F9CEB00892EB3 /* DescriptionTableViewCell.xib */; };
		AAE2E8B5261ED3D90058EE13 /* AppDelegate.swift in Sources */ = {isa = PBXBuildFile; fileRef = AAE2E8B4261ED3D90058EE13 /* AppDelegate.swift */; };
		AAE2E8BC261ED3D90058EE13 /* Main.storyboard in Resources */ = {isa = PBXBuildFile; fileRef = AAE2E8BA261ED3D90058EE13 /* Main.storyboard */; };
		AAE2E8C1261ED3DA0058EE13 /* Assets.xcassets in Resources */ = {isa = PBXBuildFile; fileRef = AAE2E8C0261ED3DA0058EE13 /* Assets.xcassets */; };
		AAE2E8C4261ED3DA0058EE13 /* LaunchScreen.storyboard in Resources */ = {isa = PBXBuildFile; fileRef = AAE2E8C2261ED3DA0058EE13 /* LaunchScreen.storyboard */; };
		AAE2E8CF261ED3DB0058EE13 /* DemoTests.swift in Sources */ = {isa = PBXBuildFile; fileRef = AAE2E8CE261ED3DB0058EE13 /* DemoTests.swift */; };
		AAE2E8DA261ED3DB0058EE13 /* DemoUITests.swift in Sources */ = {isa = PBXBuildFile; fileRef = AAE2E8D9261ED3DB0058EE13 /* DemoUITests.swift */; };
		AAE2E91E261EDBD30058EE13 /* Filters.swift in Sources */ = {isa = PBXBuildFile; fileRef = AAE2E90D261EDBD20058EE13 /* Filters.swift */; };
		AAE2E91F261EDBD30058EE13 /* Store.swift in Sources */ = {isa = PBXBuildFile; fileRef = AAE2E90E261EDBD20058EE13 /* Store.swift */; };
		AAE2E920261EDBD30058EE13 /* Platform.swift in Sources */ = {isa = PBXBuildFile; fileRef = AAE2E90F261EDBD20058EE13 /* Platform.swift */; };
		AAE2E921261EDBD30058EE13 /* Years.swift in Sources */ = {isa = PBXBuildFile; fileRef = AAE2E910261EDBD20058EE13 /* Years.swift */; };
		AAE2E922261EDBD30058EE13 /* Platforms.swift in Sources */ = {isa = PBXBuildFile; fileRef = AAE2E911261EDBD20058EE13 /* Platforms.swift */; };
		AAE2E923261EDBD30058EE13 /* ShortScreenshots.swift in Sources */ = {isa = PBXBuildFile; fileRef = AAE2E912261EDBD20058EE13 /* ShortScreenshots.swift */; };
		AAE2E924261EDBD30058EE13 /* Clips.swift in Sources */ = {isa = PBXBuildFile; fileRef = AAE2E913261EDBD20058EE13 /* Clips.swift */; };
		AAE2E925261EDBD30058EE13 /* Stores.swift in Sources */ = {isa = PBXBuildFile; fileRef = AAE2E914261EDBD20058EE13 /* Stores.swift */; };
		AAE2E926261EDBD30058EE13 /* Clip.swift in Sources */ = {isa = PBXBuildFile; fileRef = AAE2E915261EDBD20058EE13 /* Clip.swift */; };
		AAE2E927261EDBD30058EE13 /* Results.swift in Sources */ = {isa = PBXBuildFile; fileRef = AAE2E916261EDBD20058EE13 /* Results.swift */; };
		AAE2E928261EDBD30058EE13 /* Tags.swift in Sources */ = {isa = PBXBuildFile; fileRef = AAE2E917261EDBD20058EE13 /* Tags.swift */; };
		AAE2E929261EDBD30058EE13 /* Ratings.swift in Sources */ = {isa = PBXBuildFile; fileRef = AAE2E918261EDBD20058EE13 /* Ratings.swift */; };
		AAE2E92A261EDBD30058EE13 /* Genres.swift in Sources */ = {isa = PBXBuildFile; fileRef = AAE2E919261EDBD20058EE13 /* Genres.swift */; };
		AAE2E92B261EDBD30058EE13 /* GamesResponse.swift in Sources */ = {isa = PBXBuildFile; fileRef = AAE2E91A261EDBD20058EE13 /* GamesResponse.swift */; };
		AAE2E92C261EDBD30058EE13 /* EsrbRating.swift in Sources */ = {isa = PBXBuildFile; fileRef = AAE2E91B261EDBD20058EE13 /* EsrbRating.swift */; };
		AAE2E92D261EDBD30058EE13 /* ParentPlatforms.swift in Sources */ = {isa = PBXBuildFile; fileRef = AAE2E91C261EDBD20058EE13 /* ParentPlatforms.swift */; };
		AAE2E92E261EDBD30058EE13 /* AddedByStatus.swift in Sources */ = {isa = PBXBuildFile; fileRef = AAE2E91D261EDBD30058EE13 /* AddedByStatus.swift */; };
		AAE2E984261EEC490058EE13 /* Environment.swift in Sources */ = {isa = PBXBuildFile; fileRef = AAE2E983261EEC490058EE13 /* Environment.swift */; };
		AAE2E991261EF18A0058EE13 /* GamesViewModel.swift in Sources */ = {isa = PBXBuildFile; fileRef = AAE2E990261EF18A0058EE13 /* GamesViewModel.swift */; };
		AAE2E99A261EF48C0058EE13 /* NetworkClient.swift in Sources */ = {isa = PBXBuildFile; fileRef = AAE2E999261EF48B0058EE13 /* NetworkClient.swift */; };
		AAE2E9A4261EF5DE0058EE13 /* Constants.swift in Sources */ = {isa = PBXBuildFile; fileRef = AAE2E9A3261EF5DE0058EE13 /* Constants.swift */; };
		AAE2E9AA261EFAAC0058EE13 /* GamesViewController.swift in Sources */ = {isa = PBXBuildFile; fileRef = AAE2E9A9261EFAAC0058EE13 /* GamesViewController.swift */; };
		AAE2E9B2261F0D1E0058EE13 /* Requirement.swift in Sources */ = {isa = PBXBuildFile; fileRef = AAE2E9B1261F0D1E0058EE13 /* Requirement.swift */; };
		AAE2E9BA261F12B70058EE13 /* GameCollectionViewCell.swift in Sources */ = {isa = PBXBuildFile; fileRef = AAE2E9B8261F12B70058EE13 /* GameCollectionViewCell.swift */; };
		AAE691B4261F1F8A00CDB366 /* UIImageView+Exntensions.swift in Sources */ = {isa = PBXBuildFile; fileRef = AAE691B3261F1F8A00CDB366 /* UIImageView+Exntensions.swift */; };
/* End PBXBuildFile section */

/* Begin PBXContainerItemProxy section */
		AAE2E8CB261ED3DB0058EE13 /* PBXContainerItemProxy */ = {
			isa = PBXContainerItemProxy;
			containerPortal = AAE2E8A9261ED3D90058EE13 /* Project object */;
			proxyType = 1;
			remoteGlobalIDString = AAE2E8B0261ED3D90058EE13;
			remoteInfo = Demo;
		};
		AAE2E8D6261ED3DB0058EE13 /* PBXContainerItemProxy */ = {
			isa = PBXContainerItemProxy;
			containerPortal = AAE2E8A9261ED3D90058EE13 /* Project object */;
			proxyType = 1;
			remoteGlobalIDString = AAE2E8B0261ED3D90058EE13;
			remoteInfo = Demo;
		};
/* End PBXContainerItemProxy section */

/* Begin PBXFileReference section */
		AA52C0CA261F8DC600892EB3 /* Demo.xcdatamodel */ = {isa = PBXFileReference; lastKnownFileType = wrapper.xcdatamodel; path = Demo.xcdatamodel; sourceTree = "<group>"; };
		AA52C0E1261F8F7000892EB3 /* GameDetailViewController.swift */ = {isa = PBXFileReference; lastKnownFileType = sourcecode.swift; path = GameDetailViewController.swift; sourceTree = "<group>"; };
		AA52C0F4261F954000892EB3 /* HeaderImageTableViewCell.swift */ = {isa = PBXFileReference; lastKnownFileType = sourcecode.swift; path = HeaderImageTableViewCell.swift; sourceTree = "<group>"; };
		AA52C0F5261F954000892EB3 /* HeaderImageTableViewCell.xib */ = {isa = PBXFileReference; lastKnownFileType = file.xib; path = HeaderImageTableViewCell.xib; sourceTree = "<group>"; };
		AA52C100261F9C4B00892EB3 /* SingleLabelTableViewCell.swift */ = {isa = PBXFileReference; lastKnownFileType = sourcecode.swift; path = SingleLabelTableViewCell.swift; sourceTree = "<group>"; };
		AA52C101261F9C4B00892EB3 /* SingleLabelTableViewCell.xib */ = {isa = PBXFileReference; lastKnownFileType = file.xib; path = SingleLabelTableViewCell.xib; sourceTree = "<group>"; };
		AA52C109261F9CEB00892EB3 /* DescriptionTableViewCell.swift */ = {isa = PBXFileReference; lastKnownFileType = sourcecode.swift; path = DescriptionTableViewCell.swift; sourceTree = "<group>"; };
		AA52C10A261F9CEB00892EB3 /* DescriptionTableViewCell.xib */ = {isa = PBXFileReference; lastKnownFileType = file.xib; path = DescriptionTableViewCell.xib; sourceTree = "<group>"; };
		AAE2E8B1261ED3D90058EE13 /* Demo.app */ = {isa = PBXFileReference; explicitFileType = wrapper.application; includeInIndex = 0; path = Demo.app; sourceTree = BUILT_PRODUCTS_DIR; };
		AAE2E8B4261ED3D90058EE13 /* AppDelegate.swift */ = {isa = PBXFileReference; lastKnownFileType = sourcecode.swift; path = AppDelegate.swift; sourceTree = "<group>"; };
		AAE2E8BB261ED3D90058EE13 /* Base */ = {isa = PBXFileReference; lastKnownFileType = file.storyboard; name = Base; path = Base.lproj/Main.storyboard; sourceTree = "<group>"; };
		AAE2E8C0261ED3DA0058EE13 /* Assets.xcassets */ = {isa = PBXFileReference; lastKnownFileType = folder.assetcatalog; path = Assets.xcassets; sourceTree = "<group>"; };
		AAE2E8C3261ED3DA0058EE13 /* Base */ = {isa = PBXFileReference; lastKnownFileType = file.storyboard; name = Base; path = Base.lproj/LaunchScreen.storyboard; sourceTree = "<group>"; };
		AAE2E8C5261ED3DA0058EE13 /* Info.plist */ = {isa = PBXFileReference; lastKnownFileType = text.plist.xml; path = Info.plist; sourceTree = "<group>"; };
		AAE2E8CA261ED3DB0058EE13 /* DemoTests.xctest */ = {isa = PBXFileReference; explicitFileType = wrapper.cfbundle; includeInIndex = 0; path = DemoTests.xctest; sourceTree = BUILT_PRODUCTS_DIR; };
		AAE2E8CE261ED3DB0058EE13 /* DemoTests.swift */ = {isa = PBXFileReference; lastKnownFileType = sourcecode.swift; path = DemoTests.swift; sourceTree = "<group>"; };
		AAE2E8D0261ED3DB0058EE13 /* Info.plist */ = {isa = PBXFileReference; lastKnownFileType = text.plist.xml; path = Info.plist; sourceTree = "<group>"; };
		AAE2E8D5261ED3DB0058EE13 /* DemoUITests.xctest */ = {isa = PBXFileReference; explicitFileType = wrapper.cfbundle; includeInIndex = 0; path = DemoUITests.xctest; sourceTree = BUILT_PRODUCTS_DIR; };
		AAE2E8D9261ED3DB0058EE13 /* DemoUITests.swift */ = {isa = PBXFileReference; lastKnownFileType = sourcecode.swift; path = DemoUITests.swift; sourceTree = "<group>"; };
		AAE2E8DB261ED3DB0058EE13 /* Info.plist */ = {isa = PBXFileReference; lastKnownFileType = text.plist.xml; path = Info.plist; sourceTree = "<group>"; };
		AAE2E909261ED5FB0058EE13 /* Development.xcconfig */ = {isa = PBXFileReference; lastKnownFileType = text.xcconfig; path = Development.xcconfig; sourceTree = "<group>"; };
		AAE2E90A261ED7880058EE13 /* Staging.xcconfig */ = {isa = PBXFileReference; lastKnownFileType = text.xcconfig; path = Staging.xcconfig; sourceTree = "<group>"; };
		AAE2E90B261ED79D0058EE13 /* Production.xcconfig */ = {isa = PBXFileReference; lastKnownFileType = text.xcconfig; path = Production.xcconfig; sourceTree = "<group>"; };
		AAE2E90D261EDBD20058EE13 /* Filters.swift */ = {isa = PBXFileReference; fileEncoding = 4; lastKnownFileType = sourcecode.swift; path = Filters.swift; sourceTree = "<group>"; };
		AAE2E90E261EDBD20058EE13 /* Store.swift */ = {isa = PBXFileReference; fileEncoding = 4; lastKnownFileType = sourcecode.swift; path = Store.swift; sourceTree = "<group>"; };
		AAE2E90F261EDBD20058EE13 /* Platform.swift */ = {isa = PBXFileReference; fileEncoding = 4; lastKnownFileType = sourcecode.swift; path = Platform.swift; sourceTree = "<group>"; };
		AAE2E910261EDBD20058EE13 /* Years.swift */ = {isa = PBXFileReference; fileEncoding = 4; lastKnownFileType = sourcecode.swift; path = Years.swift; sourceTree = "<group>"; };
		AAE2E911261EDBD20058EE13 /* Platforms.swift */ = {isa = PBXFileReference; fileEncoding = 4; lastKnownFileType = sourcecode.swift; path = Platforms.swift; sourceTree = "<group>"; };
		AAE2E912261EDBD20058EE13 /* ShortScreenshots.swift */ = {isa = PBXFileReference; fileEncoding = 4; lastKnownFileType = sourcecode.swift; path = ShortScreenshots.swift; sourceTree = "<group>"; };
		AAE2E913261EDBD20058EE13 /* Clips.swift */ = {isa = PBXFileReference; fileEncoding = 4; lastKnownFileType = sourcecode.swift; path = Clips.swift; sourceTree = "<group>"; };
		AAE2E914261EDBD20058EE13 /* Stores.swift */ = {isa = PBXFileReference; fileEncoding = 4; lastKnownFileType = sourcecode.swift; path = Stores.swift; sourceTree = "<group>"; };
		AAE2E915261EDBD20058EE13 /* Clip.swift */ = {isa = PBXFileReference; fileEncoding = 4; lastKnownFileType = sourcecode.swift; path = Clip.swift; sourceTree = "<group>"; };
		AAE2E916261EDBD20058EE13 /* Results.swift */ = {isa = PBXFileReference; fileEncoding = 4; lastKnownFileType = sourcecode.swift; path = Results.swift; sourceTree = "<group>"; };
		AAE2E917261EDBD20058EE13 /* Tags.swift */ = {isa = PBXFileReference; fileEncoding = 4; lastKnownFileType = sourcecode.swift; path = Tags.swift; sourceTree = "<group>"; };
		AAE2E918261EDBD20058EE13 /* Ratings.swift */ = {isa = PBXFileReference; fileEncoding = 4; lastKnownFileType = sourcecode.swift; path = Ratings.swift; sourceTree = "<group>"; };
		AAE2E919261EDBD20058EE13 /* Genres.swift */ = {isa = PBXFileReference; fileEncoding = 4; lastKnownFileType = sourcecode.swift; path = Genres.swift; sourceTree = "<group>"; };
		AAE2E91A261EDBD20058EE13 /* GamesResponse.swift */ = {isa = PBXFileReference; fileEncoding = 4; lastKnownFileType = sourcecode.swift; path = GamesResponse.swift; sourceTree = "<group>"; };
		AAE2E91B261EDBD20058EE13 /* EsrbRating.swift */ = {isa = PBXFileReference; fileEncoding = 4; lastKnownFileType = sourcecode.swift; path = EsrbRating.swift; sourceTree = "<group>"; };
		AAE2E91C261EDBD20058EE13 /* ParentPlatforms.swift */ = {isa = PBXFileReference; fileEncoding = 4; lastKnownFileType = sourcecode.swift; path = ParentPlatforms.swift; sourceTree = "<group>"; };
		AAE2E91D261EDBD30058EE13 /* AddedByStatus.swift */ = {isa = PBXFileReference; fileEncoding = 4; lastKnownFileType = sourcecode.swift; path = AddedByStatus.swift; sourceTree = "<group>"; };
		AAE2E983261EEC490058EE13 /* Environment.swift */ = {isa = PBXFileReference; lastKnownFileType = sourcecode.swift; path = Environment.swift; sourceTree = "<group>"; };
		AAE2E990261EF18A0058EE13 /* GamesViewModel.swift */ = {isa = PBXFileReference; lastKnownFileType = sourcecode.swift; path = GamesViewModel.swift; sourceTree = "<group>"; };
		AAE2E999261EF48B0058EE13 /* NetworkClient.swift */ = {isa = PBXFileReference; lastKnownFileType = sourcecode.swift; path = NetworkClient.swift; sourceTree = "<group>"; };
		AAE2E9A3261EF5DE0058EE13 /* Constants.swift */ = {isa = PBXFileReference; lastKnownFileType = sourcecode.swift; path = Constants.swift; sourceTree = "<group>"; };
		AAE2E9A9261EFAAC0058EE13 /* GamesViewController.swift */ = {isa = PBXFileReference; lastKnownFileType = sourcecode.swift; path = GamesViewController.swift; sourceTree = "<group>"; };
		AAE2E9B1261F0D1E0058EE13 /* Requirement.swift */ = {isa = PBXFileReference; lastKnownFileType = sourcecode.swift; path = Requirement.swift; sourceTree = "<group>"; };
		AAE2E9B8261F12B70058EE13 /* GameCollectionViewCell.swift */ = {isa = PBXFileReference; lastKnownFileType = sourcecode.swift; path = GameCollectionViewCell.swift; sourceTree = "<group>"; };
		AAE691B3261F1F8A00CDB366 /* UIImageView+Exntensions.swift */ = {isa = PBXFileReference; lastKnownFileType = sourcecode.swift; path = "UIImageView+Exntensions.swift"; sourceTree = "<group>"; };
/* End PBXFileReference section */

/* Begin PBXFrameworksBuildPhase section */
		AAE2E8AE261ED3D90058EE13 /* Frameworks */ = {
			isa = PBXFrameworksBuildPhase;
			buildActionMask = 2147483647;
			files = (
			);
			runOnlyForDeploymentPostprocessing = 0;
		};
		AAE2E8C7261ED3DB0058EE13 /* Frameworks */ = {
			isa = PBXFrameworksBuildPhase;
			buildActionMask = 2147483647;
			files = (
			);
			runOnlyForDeploymentPostprocessing = 0;
		};
		AAE2E8D2261ED3DB0058EE13 /* Frameworks */ = {
			isa = PBXFrameworksBuildPhase;
			buildActionMask = 2147483647;
			files = (
			);
			runOnlyForDeploymentPostprocessing = 0;
		};
/* End PBXFrameworksBuildPhase section */

/* Begin PBXGroup section */
		AA52C0E0261F8F5700892EB3 /* GameDetailViewController */ = {
			isa = PBXGroup;
			children = (
				AA52C0F3261F951C00892EB3 /* Views */,
				AA52C0E1261F8F7000892EB3 /* GameDetailViewController.swift */,
			);
			path = GameDetailViewController;
			sourceTree = "<group>";
		};
		AA52C0F3261F951C00892EB3 /* Views */ = {
			isa = PBXGroup;
			children = (
				AA52C0F4261F954000892EB3 /* HeaderImageTableViewCell.swift */,
				AA52C0F5261F954000892EB3 /* HeaderImageTableViewCell.xib */,
				AA52C100261F9C4B00892EB3 /* SingleLabelTableViewCell.swift */,
				AA52C101261F9C4B00892EB3 /* SingleLabelTableViewCell.xib */,
				AA52C109261F9CEB00892EB3 /* DescriptionTableViewCell.swift */,
				AA52C10A261F9CEB00892EB3 /* DescriptionTableViewCell.xib */,
			);
			path = Views;
			sourceTree = "<group>";
		};
		AAE2E8A8261ED3D90058EE13 = {
			isa = PBXGroup;
			children = (
				AAE2E8B3261ED3D90058EE13 /* Demo */,
				AAE2E8CD261ED3DB0058EE13 /* DemoTests */,
				AAE2E8D8261ED3DB0058EE13 /* DemoUITests */,
				AAE2E8B2261ED3D90058EE13 /* Products */,
			);
			sourceTree = "<group>";
		};
		AAE2E8B2261ED3D90058EE13 /* Products */ = {
			isa = PBXGroup;
			children = (
				AAE2E8B1261ED3D90058EE13 /* Demo.app */,
				AAE2E8CA261ED3DB0058EE13 /* DemoTests.xctest */,
				AAE2E8D5261ED3DB0058EE13 /* DemoUITests.xctest */,
			);
			name = Products;
			sourceTree = "<group>";
		};
		AAE2E8B3261ED3D90058EE13 /* Demo */ = {
			isa = PBXGroup;
			children = (
				AAE6918B261F1A4400CDB366 /* Extensions */,
				AAE2E9A8261EFA970058EE13 /* Controllers */,
				AAE2E9A1261EF5C50058EE13 /* Helpers */,
				AAE2E998261EF4690058EE13 /* NetworkClient */,
				AAE2E98E261EF1650058EE13 /* ViewModels */,
				AAE2E97D261EEBC00058EE13 /* Resources */,
				AAE2E90C261EDB3A0058EE13 /* Models */,
				AAE2E908261ED5D40058EE13 /* Config */,
				AAE2E8B4261ED3D90058EE13 /* AppDelegate.swift */,
				AAE2E8BA261ED3D90058EE13 /* Main.storyboard */,
				AAE2E8C0261ED3DA0058EE13 /* Assets.xcassets */,
				AAE2E8C2261ED3DA0058EE13 /* LaunchScreen.storyboard */,
				AA52C0C9261F8DC600892EB3 /* Demo.xcdatamodeld */,
				AAE2E8C5261ED3DA0058EE13 /* Info.plist */,
			);
			path = Demo;
			sourceTree = "<group>";
		};
		AAE2E8CD261ED3DB0058EE13 /* DemoTests */ = {
			isa = PBXGroup;
			children = (
				AAE2E8CE261ED3DB0058EE13 /* DemoTests.swift */,
				AAE2E8D0261ED3DB0058EE13 /* Info.plist */,
			);
			path = DemoTests;
			sourceTree = "<group>";
		};
		AAE2E8D8261ED3DB0058EE13 /* DemoUITests */ = {
			isa = PBXGroup;
			children = (
				AAE2E8D9261ED3DB0058EE13 /* DemoUITests.swift */,
				AAE2E8DB261ED3DB0058EE13 /* Info.plist */,
			);
			path = DemoUITests;
			sourceTree = "<group>";
		};
		AAE2E908261ED5D40058EE13 /* Config */ = {
			isa = PBXGroup;
			children = (
				AAE2E909261ED5FB0058EE13 /* Development.xcconfig */,
				AAE2E90A261ED7880058EE13 /* Staging.xcconfig */,
				AAE2E90B261ED79D0058EE13 /* Production.xcconfig */,
			);
			path = Config;
			sourceTree = "<group>";
		};
		AAE2E90C261EDB3A0058EE13 /* Models */ = {
			isa = PBXGroup;
			children = (
				AAE2E91D261EDBD30058EE13 /* AddedByStatus.swift */,
				AAE2E915261EDBD20058EE13 /* Clip.swift */,
				AAE2E913261EDBD20058EE13 /* Clips.swift */,
				AAE2E91B261EDBD20058EE13 /* EsrbRating.swift */,
				AAE2E90D261EDBD20058EE13 /* Filters.swift */,
				AAE2E91A261EDBD20058EE13 /* GamesResponse.swift */,
				AAE2E919261EDBD20058EE13 /* Genres.swift */,
				AAE2E91C261EDBD20058EE13 /* ParentPlatforms.swift */,
				AAE2E90F261EDBD20058EE13 /* Platform.swift */,
				AAE2E911261EDBD20058EE13 /* Platforms.swift */,
				AAE2E918261EDBD20058EE13 /* Ratings.swift */,
				AAE2E916261EDBD20058EE13 /* Results.swift */,
				AAE2E912261EDBD20058EE13 /* ShortScreenshots.swift */,
				AAE2E90E261EDBD20058EE13 /* Store.swift */,
				AAE2E914261EDBD20058EE13 /* Stores.swift */,
				AAE2E917261EDBD20058EE13 /* Tags.swift */,
				AAE2E910261EDBD20058EE13 /* Years.swift */,
				AAE2E9B1261F0D1E0058EE13 /* Requirement.swift */,
			);
			path = Models;
			sourceTree = "<group>";
		};
		AAE2E97D261EEBC00058EE13 /* Resources */ = {
			isa = PBXGroup;
			children = (
				AAE2E983261EEC490058EE13 /* Environment.swift */,
			);
			path = Resources;
			sourceTree = "<group>";
		};
		AAE2E98E261EF1650058EE13 /* ViewModels */ = {
			isa = PBXGroup;
			children = (
				AAE2E98F261EF1740058EE13 /* GamesViewModel */,
			);
			path = ViewModels;
			sourceTree = "<group>";
		};
		AAE2E98F261EF1740058EE13 /* GamesViewModel */ = {
			isa = PBXGroup;
			children = (
				AAE2E990261EF18A0058EE13 /* GamesViewModel.swift */,
			);
			path = GamesViewModel;
			sourceTree = "<group>";
		};
		AAE2E998261EF4690058EE13 /* NetworkClient */ = {
			isa = PBXGroup;
			children = (
				AAE2E999261EF48B0058EE13 /* NetworkClient.swift */,
			);
			path = NetworkClient;
			sourceTree = "<group>";
		};
		AAE2E9A1261EF5C50058EE13 /* Helpers */ = {
			isa = PBXGroup;
			children = (
				AAE2E9A2261EF5CF0058EE13 /* Constants */,
			);
			path = Helpers;
			sourceTree = "<group>";
		};
		AAE2E9A2261EF5CF0058EE13 /* Constants */ = {
			isa = PBXGroup;
			children = (
				AAE2E9A3261EF5DE0058EE13 /* Constants.swift */,
			);
			path = Constants;
			sourceTree = "<group>";
		};
		AAE2E9A8261EFA970058EE13 /* Controllers */ = {
			isa = PBXGroup;
			children = (
				AA52C0E0261F8F5700892EB3 /* GameDetailViewController */,
				AAE2E9B6261F12870058EE13 /* GamesViewController */,
			);
			path = Controllers;
			sourceTree = "<group>";
		};
		AAE2E9B6261F12870058EE13 /* GamesViewController */ = {
			isa = PBXGroup;
			children = (
				AAE2E9B7261F129B0058EE13 /* GameCollectionViewCell */,
				AAE2E9A9261EFAAC0058EE13 /* GamesViewController.swift */,
			);
			path = GamesViewController;
			sourceTree = "<group>";
		};
		AAE2E9B7261F129B0058EE13 /* GameCollectionViewCell */ = {
			isa = PBXGroup;
			children = (
				AAE2E9B8261F12B70058EE13 /* GameCollectionViewCell.swift */,
			);
			path = GameCollectionViewCell;
			sourceTree = "<group>";
		};
		AAE6918B261F1A4400CDB366 /* Extensions */ = {
			isa = PBXGroup;
			children = (
				AAE691B3261F1F8A00CDB366 /* UIImageView+Exntensions.swift */,
			);
			path = Extensions;
			sourceTree = "<group>";
		};
/* End PBXGroup section */

/* Begin PBXNativeTarget section */
		AAE2E8B0261ED3D90058EE13 /* Demo */ = {
			isa = PBXNativeTarget;
			buildConfigurationList = AAE2E8DE261ED3DB0058EE13 /* Build configuration list for PBXNativeTarget "Demo" */;
			buildPhases = (
				AAE2E8AD261ED3D90058EE13 /* Sources */,
				AAE2E8AE261ED3D90058EE13 /* Frameworks */,
				AAE2E8AF261ED3D90058EE13 /* Resources */,
			);
			buildRules = (
			);
			dependencies = (
			);
			name = Demo;
			productName = Demo;
			productReference = AAE2E8B1261ED3D90058EE13 /* Demo.app */;
			productType = "com.apple.product-type.application";
		};
		AAE2E8C9261ED3DB0058EE13 /* DemoTests */ = {
			isa = PBXNativeTarget;
			buildConfigurationList = AAE2E8E1261ED3DB0058EE13 /* Build configuration list for PBXNativeTarget "DemoTests" */;
			buildPhases = (
				AAE2E8C6261ED3DB0058EE13 /* Sources */,
				AAE2E8C7261ED3DB0058EE13 /* Frameworks */,
				AAE2E8C8261ED3DB0058EE13 /* Resources */,
			);
			buildRules = (
			);
			dependencies = (
				AAE2E8CC261ED3DB0058EE13 /* PBXTargetDependency */,
			);
			name = DemoTests;
			productName = DemoTests;
			productReference = AAE2E8CA261ED3DB0058EE13 /* DemoTests.xctest */;
			productType = "com.apple.product-type.bundle.unit-test";
		};
		AAE2E8D4261ED3DB0058EE13 /* DemoUITests */ = {
			isa = PBXNativeTarget;
			buildConfigurationList = AAE2E8E4261ED3DB0058EE13 /* Build configuration list for PBXNativeTarget "DemoUITests" */;
			buildPhases = (
				AAE2E8D1261ED3DB0058EE13 /* Sources */,
				AAE2E8D2261ED3DB0058EE13 /* Frameworks */,
				AAE2E8D3261ED3DB0058EE13 /* Resources */,
			);
			buildRules = (
			);
			dependencies = (
				AAE2E8D7261ED3DB0058EE13 /* PBXTargetDependency */,
			);
			name = DemoUITests;
			productName = DemoUITests;
			productReference = AAE2E8D5261ED3DB0058EE13 /* DemoUITests.xctest */;
			productType = "com.apple.product-type.bundle.ui-testing";
		};
/* End PBXNativeTarget section */

/* Begin PBXProject section */
		AAE2E8A9261ED3D90058EE13 /* Project object */ = {
			isa = PBXProject;
			attributes = {
				LastSwiftUpdateCheck = 1240;
				LastUpgradeCheck = 1240;
				TargetAttributes = {
					AAE2E8B0261ED3D90058EE13 = {
						CreatedOnToolsVersion = 12.4;
					};
					AAE2E8C9261ED3DB0058EE13 = {
						CreatedOnToolsVersion = 12.4;
						TestTargetID = AAE2E8B0261ED3D90058EE13;
					};
					AAE2E8D4261ED3DB0058EE13 = {
						CreatedOnToolsVersion = 12.4;
						TestTargetID = AAE2E8B0261ED3D90058EE13;
					};
				};
			};
			buildConfigurationList = AAE2E8AC261ED3D90058EE13 /* Build configuration list for PBXProject "Demo" */;
			compatibilityVersion = "Xcode 9.3";
			developmentRegion = en;
			hasScannedForEncodings = 0;
			knownRegions = (
				en,
				Base,
			);
			mainGroup = AAE2E8A8261ED3D90058EE13;
			productRefGroup = AAE2E8B2261ED3D90058EE13 /* Products */;
			projectDirPath = "";
			projectRoot = "";
			targets = (
				AAE2E8B0261ED3D90058EE13 /* Demo */,
				AAE2E8C9261ED3DB0058EE13 /* DemoTests */,
				AAE2E8D4261ED3DB0058EE13 /* DemoUITests */,
			);
		};
/* End PBXProject section */

/* Begin PBXResourcesBuildPhase section */
		AAE2E8AF261ED3D90058EE13 /* Resources */ = {
			isa = PBXResourcesBuildPhase;
			buildActionMask = 2147483647;
			files = (
				AA52C0F8261F954000892EB3 /* HeaderImageTableViewCell.xib in Resources */,
				AAE2E8C4261ED3DA0058EE13 /* LaunchScreen.storyboard in Resources */,
				AA52C10D261F9CEB00892EB3 /* DescriptionTableViewCell.xib in Resources */,
				AA52C104261F9C4B00892EB3 /* SingleLabelTableViewCell.xib in Resources */,
				AAE2E8C1261ED3DA0058EE13 /* Assets.xcassets in Resources */,
				AAE2E8BC261ED3D90058EE13 /* Main.storyboard in Resources */,
			);
			runOnlyForDeploymentPostprocessing = 0;
		};
		AAE2E8C8261ED3DB0058EE13 /* Resources */ = {
			isa = PBXResourcesBuildPhase;
			buildActionMask = 2147483647;
			files = (
				AA52C105261F9C4B00892EB3 /* SingleLabelTableViewCell.xib in Resources */,
				AA52C0F9261F954000892EB3 /* HeaderImageTableViewCell.xib in Resources */,
				AA52C10E261F9CEB00892EB3 /* DescriptionTableViewCell.xib in Resources */,
			);
			runOnlyForDeploymentPostprocessing = 0;
		};
		AAE2E8D3261ED3DB0058EE13 /* Resources */ = {
			isa = PBXResourcesBuildPhase;
			buildActionMask = 2147483647;
			files = (
			);
			runOnlyForDeploymentPostprocessing = 0;
		};
/* End PBXResourcesBuildPhase section */

/* Begin PBXSourcesBuildPhase section */
		AAE2E8AD261ED3D90058EE13 /* Sources */ = {
			isa = PBXSourcesBuildPhase;
			buildActionMask = 2147483647;
			files = (
				AAE2E929261EDBD30058EE13 /* Ratings.swift in Sources */,
				AAE2E92A261EDBD30058EE13 /* Genres.swift in Sources */,
				AAE2E92D261EDBD30058EE13 /* ParentPlatforms.swift in Sources */,
				AAE2E920261EDBD30058EE13 /* Platform.swift in Sources */,
				AAE2E9BA261F12B70058EE13 /* GameCollectionViewCell.swift in Sources */,
				AAE2E9AA261EFAAC0058EE13 /* GamesViewController.swift in Sources */,
				AA52C0F6261F954000892EB3 /* HeaderImageTableViewCell.swift in Sources */,
				AAE2E922261EDBD30058EE13 /* Platforms.swift in Sources */,
				AAE2E926261EDBD30058EE13 /* Clip.swift in Sources */,
				AAE2E924261EDBD30058EE13 /* Clips.swift in Sources */,
				AAE691B4261F1F8A00CDB366 /* UIImageView+Exntensions.swift in Sources */,
				AAE2E921261EDBD30058EE13 /* Years.swift in Sources */,
				AAE2E923261EDBD30058EE13 /* ShortScreenshots.swift in Sources */,
				AA52C0CB261F8DC700892EB3 /* Demo.xcdatamodeld in Sources */,
				AAE2E984261EEC490058EE13 /* Environment.swift in Sources */,
				AA52C10B261F9CEB00892EB3 /* DescriptionTableViewCell.swift in Sources */,
				AAE2E9B2261F0D1E0058EE13 /* Requirement.swift in Sources */,
				AA52C102261F9C4B00892EB3 /* SingleLabelTableViewCell.swift in Sources */,
				AAE2E91E261EDBD30058EE13 /* Filters.swift in Sources */,
				AAE2E928261EDBD30058EE13 /* Tags.swift in Sources */,
				AAE2E8B5261ED3D90058EE13 /* AppDelegate.swift in Sources */,
				AAE2E91F261EDBD30058EE13 /* Store.swift in Sources */,
				AAE2E927261EDBD30058EE13 /* Results.swift in Sources */,
				AAE2E991261EF18A0058EE13 /* GamesViewModel.swift in Sources */,
				AA52C0E2261F8F7000892EB3 /* GameDetailViewController.swift in Sources */,
				AAE2E92C261EDBD30058EE13 /* EsrbRating.swift in Sources */,
				AAE2E92B261EDBD30058EE13 /* GamesResponse.swift in Sources */,
				AAE2E92E261EDBD30058EE13 /* AddedByStatus.swift in Sources */,
				AAE2E99A261EF48C0058EE13 /* NetworkClient.swift in Sources */,
				AAE2E925261EDBD30058EE13 /* Stores.swift in Sources */,
				AAE2E9A4261EF5DE0058EE13 /* Constants.swift in Sources */,
			);
			runOnlyForDeploymentPostprocessing = 0;
		};
		AAE2E8C6261ED3DB0058EE13 /* Sources */ = {
			isa = PBXSourcesBuildPhase;
			buildActionMask = 2147483647;
			files = (
				AA52C0F7261F954000892EB3 /* HeaderImageTableViewCell.swift in Sources */,
				AA52C103261F9C4B00892EB3 /* SingleLabelTableViewCell.swift in Sources */,
				AA52C0CC261F8DC700892EB3 /* Demo.xcdatamodeld in Sources */,
				AA52C0E3261F8F7000892EB3 /* GameDetailViewController.swift in Sources */,
				AA52C10C261F9CEB00892EB3 /* DescriptionTableViewCell.swift in Sources */,
				AAE2E8CF261ED3DB0058EE13 /* DemoTests.swift in Sources */,
			);
			runOnlyForDeploymentPostprocessing = 0;
		};
		AAE2E8D1261ED3DB0058EE13 /* Sources */ = {
			isa = PBXSourcesBuildPhase;
			buildActionMask = 2147483647;
			files = (
				AAE2E8DA261ED3DB0058EE13 /* DemoUITests.swift in Sources */,
			);
			runOnlyForDeploymentPostprocessing = 0;
		};
/* End PBXSourcesBuildPhase section */

/* Begin PBXTargetDependency section */
		AAE2E8CC261ED3DB0058EE13 /* PBXTargetDependency */ = {
			isa = PBXTargetDependency;
			target = AAE2E8B0261ED3D90058EE13 /* Demo */;
			targetProxy = AAE2E8CB261ED3DB0058EE13 /* PBXContainerItemProxy */;
		};
		AAE2E8D7261ED3DB0058EE13 /* PBXTargetDependency */ = {
			isa = PBXTargetDependency;
			target = AAE2E8B0261ED3D90058EE13 /* Demo */;
			targetProxy = AAE2E8D6261ED3DB0058EE13 /* PBXContainerItemProxy */;
		};
/* End PBXTargetDependency section */

/* Begin PBXVariantGroup section */
		AAE2E8BA261ED3D90058EE13 /* Main.storyboard */ = {
			isa = PBXVariantGroup;
			children = (
				AAE2E8BB261ED3D90058EE13 /* Base */,
			);
			name = Main.storyboard;
			sourceTree = "<group>";
		};
		AAE2E8C2261ED3DA0058EE13 /* LaunchScreen.storyboard */ = {
			isa = PBXVariantGroup;
			children = (
				AAE2E8C3261ED3DA0058EE13 /* Base */,
			);
			name = LaunchScreen.storyboard;
			sourceTree = "<group>";
		};
/* End PBXVariantGroup section */

/* Begin XCBuildConfiguration section */
		AAE2E8ED261ED4350058EE13 /* Debug (Development) */ = {
			isa = XCBuildConfiguration;
			baseConfigurationReference = AAE2E909261ED5FB0058EE13 /* Development.xcconfig */;
			buildSettings = {
				ALWAYS_SEARCH_USER_PATHS = NO;
				CLANG_ANALYZER_NONNULL = YES;
				CLANG_ANALYZER_NUMBER_OBJECT_CONVERSION = YES_AGGRESSIVE;
				CLANG_CXX_LANGUAGE_STANDARD = "gnu++14";
				CLANG_CXX_LIBRARY = "libc++";
				CLANG_ENABLE_MODULES = YES;
				CLANG_ENABLE_OBJC_ARC = YES;
				CLANG_ENABLE_OBJC_WEAK = YES;
				CLANG_WARN_BLOCK_CAPTURE_AUTORELEASING = YES;
				CLANG_WARN_BOOL_CONVERSION = YES;
				CLANG_WARN_COMMA = YES;
				CLANG_WARN_CONSTANT_CONVERSION = YES;
				CLANG_WARN_DEPRECATED_OBJC_IMPLEMENTATIONS = YES;
				CLANG_WARN_DIRECT_OBJC_ISA_USAGE = YES_ERROR;
				CLANG_WARN_DOCUMENTATION_COMMENTS = YES;
				CLANG_WARN_EMPTY_BODY = YES;
				CLANG_WARN_ENUM_CONVERSION = YES;
				CLANG_WARN_INFINITE_RECURSION = YES;
				CLANG_WARN_INT_CONVERSION = YES;
				CLANG_WARN_NON_LITERAL_NULL_CONVERSION = YES;
				CLANG_WARN_OBJC_IMPLICIT_RETAIN_SELF = YES;
				CLANG_WARN_OBJC_LITERAL_CONVERSION = YES;
				CLANG_WARN_OBJC_ROOT_CLASS = YES_ERROR;
				CLANG_WARN_QUOTED_INCLUDE_IN_FRAMEWORK_HEADER = YES;
				CLANG_WARN_RANGE_LOOP_ANALYSIS = YES;
				CLANG_WARN_STRICT_PROTOTYPES = YES;
				CLANG_WARN_SUSPICIOUS_MOVE = YES;
				CLANG_WARN_UNGUARDED_AVAILABILITY = YES_AGGRESSIVE;
				CLANG_WARN_UNREACHABLE_CODE = YES;
				CLANG_WARN__DUPLICATE_METHOD_MATCH = YES;
				COPY_PHASE_STRIP = NO;
				DEBUG_INFORMATION_FORMAT = dwarf;
				ENABLE_STRICT_OBJC_MSGSEND = YES;
				ENABLE_TESTABILITY = YES;
				GCC_C_LANGUAGE_STANDARD = gnu11;
				GCC_DYNAMIC_NO_PIC = NO;
				GCC_NO_COMMON_BLOCKS = YES;
				GCC_OPTIMIZATION_LEVEL = 0;
				GCC_PREPROCESSOR_DEFINITIONS = (
					"DEBUG=1",
					"$(inherited)",
				);
				GCC_WARN_64_TO_32_BIT_CONVERSION = YES;
				GCC_WARN_ABOUT_RETURN_TYPE = YES_ERROR;
				GCC_WARN_UNDECLARED_SELECTOR = YES;
				GCC_WARN_UNINITIALIZED_AUTOS = YES_AGGRESSIVE;
				GCC_WARN_UNUSED_FUNCTION = YES;
				GCC_WARN_UNUSED_VARIABLE = YES;
				IPHONEOS_DEPLOYMENT_TARGET = 14.4;
				MTL_ENABLE_DEBUG_INFO = INCLUDE_SOURCE;
				MTL_FAST_MATH = YES;
				ONLY_ACTIVE_ARCH = YES;
				SDKROOT = iphoneos;
				SWIFT_ACTIVE_COMPILATION_CONDITIONS = DEBUG;
				SWIFT_OPTIMIZATION_LEVEL = "-Onone";
			};
			name = "Debug (Development)";
		};
		AAE2E8EE261ED4350058EE13 /* Debug (Development) */ = {
			isa = XCBuildConfiguration;
			baseConfigurationReference = AAE2E909261ED5FB0058EE13 /* Development.xcconfig */;
			buildSettings = {
				ASSETCATALOG_COMPILER_APPICON_NAME = AppIcon;
				ASSETCATALOG_COMPILER_GLOBAL_ACCENT_COLOR_NAME = AccentColor;
				CODE_SIGN_STYLE = Automatic;
				DEVELOPMENT_TEAM = 7LPSTH4CZ2;
				INFOPLIST_FILE = Demo/Info.plist;
				IPHONEOS_DEPLOYMENT_TARGET = 11.0;
				LD_RUNPATH_SEARCH_PATHS = (
					"$(inherited)",
					"@executable_path/Frameworks",
				);
				PRODUCT_BUNDLE_IDENTIFIER = "$(APPBUNDLEID)";
				PRODUCT_NAME = "$(TARGET_NAME)";
				SWIFT_VERSION = 5.0;
				TARGETED_DEVICE_FAMILY = "1,2";
			};
			name = "Debug (Development)";
		};
		AAE2E8EF261ED4350058EE13 /* Debug (Development) */ = {
			isa = XCBuildConfiguration;
			baseConfigurationReference = AAE2E909261ED5FB0058EE13 /* Development.xcconfig */;
			buildSettings = {
				ALWAYS_EMBED_SWIFT_STANDARD_LIBRARIES = YES;
				BUNDLE_LOADER = "$(TEST_HOST)";
				CODE_SIGN_STYLE = Automatic;
				DEVELOPMENT_TEAM = 7LPSTH4CZ2;
				INFOPLIST_FILE = DemoTests/Info.plist;
				IPHONEOS_DEPLOYMENT_TARGET = 14.4;
				LD_RUNPATH_SEARCH_PATHS = (
					"$(inherited)",
					"@executable_path/Frameworks",
					"@loader_path/Frameworks",
				);
				PRODUCT_BUNDLE_IDENTIFIER = com.kl.test.DemoTests;
				PRODUCT_NAME = "$(TARGET_NAME)";
				SWIFT_VERSION = 5.0;
				TARGETED_DEVICE_FAMILY = "1,2";
				TEST_HOST = "$(BUILT_PRODUCTS_DIR)/Demo.app/Demo";
			};
			name = "Debug (Development)";
		};
		AAE2E8F0261ED4350058EE13 /* Debug (Development) */ = {
			isa = XCBuildConfiguration;
			baseConfigurationReference = AAE2E909261ED5FB0058EE13 /* Development.xcconfig */;
			buildSettings = {
				ALWAYS_EMBED_SWIFT_STANDARD_LIBRARIES = YES;
				CODE_SIGN_STYLE = Automatic;
				DEVELOPMENT_TEAM = 7LPSTH4CZ2;
				INFOPLIST_FILE = DemoUITests/Info.plist;
				LD_RUNPATH_SEARCH_PATHS = (
					"$(inherited)",
					"@executable_path/Frameworks",
					"@loader_path/Frameworks",
				);
				PRODUCT_BUNDLE_IDENTIFIER = com.kl.test.DemoUITests;
				PRODUCT_NAME = "$(TARGET_NAME)";
				SWIFT_VERSION = 5.0;
				TARGETED_DEVICE_FAMILY = "1,2";
				TEST_TARGET_NAME = Demo;
			};
			name = "Debug (Development)";
		};
		AAE2E8F1261ED4560058EE13 /* Debug (Staging) */ = {
			isa = XCBuildConfiguration;
			baseConfigurationReference = AAE2E90A261ED7880058EE13 /* Staging.xcconfig */;
			buildSettings = {
				ALWAYS_SEARCH_USER_PATHS = NO;
				CLANG_ANALYZER_NONNULL = YES;
				CLANG_ANALYZER_NUMBER_OBJECT_CONVERSION = YES_AGGRESSIVE;
				CLANG_CXX_LANGUAGE_STANDARD = "gnu++14";
				CLANG_CXX_LIBRARY = "libc++";
				CLANG_ENABLE_MODULES = YES;
				CLANG_ENABLE_OBJC_ARC = YES;
				CLANG_ENABLE_OBJC_WEAK = YES;
				CLANG_WARN_BLOCK_CAPTURE_AUTORELEASING = YES;
				CLANG_WARN_BOOL_CONVERSION = YES;
				CLANG_WARN_COMMA = YES;
				CLANG_WARN_CONSTANT_CONVERSION = YES;
				CLANG_WARN_DEPRECATED_OBJC_IMPLEMENTATIONS = YES;
				CLANG_WARN_DIRECT_OBJC_ISA_USAGE = YES_ERROR;
				CLANG_WARN_DOCUMENTATION_COMMENTS = YES;
				CLANG_WARN_EMPTY_BODY = YES;
				CLANG_WARN_ENUM_CONVERSION = YES;
				CLANG_WARN_INFINITE_RECURSION = YES;
				CLANG_WARN_INT_CONVERSION = YES;
				CLANG_WARN_NON_LITERAL_NULL_CONVERSION = YES;
				CLANG_WARN_OBJC_IMPLICIT_RETAIN_SELF = YES;
				CLANG_WARN_OBJC_LITERAL_CONVERSION = YES;
				CLANG_WARN_OBJC_ROOT_CLASS = YES_ERROR;
				CLANG_WARN_QUOTED_INCLUDE_IN_FRAMEWORK_HEADER = YES;
				CLANG_WARN_RANGE_LOOP_ANALYSIS = YES;
				CLANG_WARN_STRICT_PROTOTYPES = YES;
				CLANG_WARN_SUSPICIOUS_MOVE = YES;
				CLANG_WARN_UNGUARDED_AVAILABILITY = YES_AGGRESSIVE;
				CLANG_WARN_UNREACHABLE_CODE = YES;
				CLANG_WARN__DUPLICATE_METHOD_MATCH = YES;
				COPY_PHASE_STRIP = NO;
				DEBUG_INFORMATION_FORMAT = dwarf;
				ENABLE_STRICT_OBJC_MSGSEND = YES;
				ENABLE_TESTABILITY = YES;
				GCC_C_LANGUAGE_STANDARD = gnu11;
				GCC_DYNAMIC_NO_PIC = NO;
				GCC_NO_COMMON_BLOCKS = YES;
				GCC_OPTIMIZATION_LEVEL = 0;
				GCC_PREPROCESSOR_DEFINITIONS = (
					"DEBUG=1",
					"$(inherited)",
				);
				GCC_WARN_64_TO_32_BIT_CONVERSION = YES;
				GCC_WARN_ABOUT_RETURN_TYPE = YES_ERROR;
				GCC_WARN_UNDECLARED_SELECTOR = YES;
				GCC_WARN_UNINITIALIZED_AUTOS = YES_AGGRESSIVE;
				GCC_WARN_UNUSED_FUNCTION = YES;
				GCC_WARN_UNUSED_VARIABLE = YES;
				IPHONEOS_DEPLOYMENT_TARGET = 14.4;
				MTL_ENABLE_DEBUG_INFO = INCLUDE_SOURCE;
				MTL_FAST_MATH = YES;
				ONLY_ACTIVE_ARCH = YES;
				SDKROOT = iphoneos;
				SWIFT_ACTIVE_COMPILATION_CONDITIONS = DEBUG;
				SWIFT_OPTIMIZATION_LEVEL = "-Onone";
			};
			name = "Debug (Staging)";
		};
		AAE2E8F2261ED4560058EE13 /* Debug (Staging) */ = {
			isa = XCBuildConfiguration;
			baseConfigurationReference = AAE2E90A261ED7880058EE13 /* Staging.xcconfig */;
			buildSettings = {
				ASSETCATALOG_COMPILER_APPICON_NAME = AppIcon;
				ASSETCATALOG_COMPILER_GLOBAL_ACCENT_COLOR_NAME = AccentColor;
				CODE_SIGN_STYLE = Automatic;
				DEVELOPMENT_TEAM = 7LPSTH4CZ2;
				INFOPLIST_FILE = Demo/Info.plist;
				IPHONEOS_DEPLOYMENT_TARGET = 11.0;
				LD_RUNPATH_SEARCH_PATHS = (
					"$(inherited)",
					"@executable_path/Frameworks",
				);
				PRODUCT_BUNDLE_IDENTIFIER = "$(APPBUNDLEID)";
				PRODUCT_NAME = "$(TARGET_NAME)";
				SWIFT_VERSION = 5.0;
				TARGETED_DEVICE_FAMILY = "1,2";
			};
			name = "Debug (Staging)";
		};
		AAE2E8F3261ED4560058EE13 /* Debug (Staging) */ = {
			isa = XCBuildConfiguration;
			baseConfigurationReference = AAE2E90A261ED7880058EE13 /* Staging.xcconfig */;
			buildSettings = {
				ALWAYS_EMBED_SWIFT_STANDARD_LIBRARIES = YES;
				BUNDLE_LOADER = "$(TEST_HOST)";
				CODE_SIGN_STYLE = Automatic;
				DEVELOPMENT_TEAM = 7LPSTH4CZ2;
				INFOPLIST_FILE = DemoTests/Info.plist;
				IPHONEOS_DEPLOYMENT_TARGET = 14.4;
				LD_RUNPATH_SEARCH_PATHS = (
					"$(inherited)",
					"@executable_path/Frameworks",
					"@loader_path/Frameworks",
				);
				PRODUCT_BUNDLE_IDENTIFIER = com.kl.test.DemoTests;
				PRODUCT_NAME = "$(TARGET_NAME)";
				SWIFT_VERSION = 5.0;
				TARGETED_DEVICE_FAMILY = "1,2";
				TEST_HOST = "$(BUILT_PRODUCTS_DIR)/Demo.app/Demo";
			};
			name = "Debug (Staging)";
		};
		AAE2E8F4261ED4560058EE13 /* Debug (Staging) */ = {
			isa = XCBuildConfiguration;
			baseConfigurationReference = AAE2E90A261ED7880058EE13 /* Staging.xcconfig */;
			buildSettings = {
				ALWAYS_EMBED_SWIFT_STANDARD_LIBRARIES = YES;
				CODE_SIGN_STYLE = Automatic;
				DEVELOPMENT_TEAM = 7LPSTH4CZ2;
				INFOPLIST_FILE = DemoUITests/Info.plist;
				LD_RUNPATH_SEARCH_PATHS = (
					"$(inherited)",
					"@executable_path/Frameworks",
					"@loader_path/Frameworks",
				);
				PRODUCT_BUNDLE_IDENTIFIER = com.kl.test.DemoUITests;
				PRODUCT_NAME = "$(TARGET_NAME)";
				SWIFT_VERSION = 5.0;
				TARGETED_DEVICE_FAMILY = "1,2";
				TEST_TARGET_NAME = Demo;
			};
			name = "Debug (Staging)";
		};
		AAE2E8F5261ED4630058EE13 /* Debug (Production) */ = {
			isa = XCBuildConfiguration;
			baseConfigurationReference = AAE2E90B261ED79D0058EE13 /* Production.xcconfig */;
			buildSettings = {
				ALWAYS_SEARCH_USER_PATHS = NO;
				CLANG_ANALYZER_NONNULL = YES;
				CLANG_ANALYZER_NUMBER_OBJECT_CONVERSION = YES_AGGRESSIVE;
				CLANG_CXX_LANGUAGE_STANDARD = "gnu++14";
				CLANG_CXX_LIBRARY = "libc++";
				CLANG_ENABLE_MODULES = YES;
				CLANG_ENABLE_OBJC_ARC = YES;
				CLANG_ENABLE_OBJC_WEAK = YES;
				CLANG_WARN_BLOCK_CAPTURE_AUTORELEASING = YES;
				CLANG_WARN_BOOL_CONVERSION = YES;
				CLANG_WARN_COMMA = YES;
				CLANG_WARN_CONSTANT_CONVERSION = YES;
				CLANG_WARN_DEPRECATED_OBJC_IMPLEMENTATIONS = YES;
				CLANG_WARN_DIRECT_OBJC_ISA_USAGE = YES_ERROR;
				CLANG_WARN_DOCUMENTATION_COMMENTS = YES;
				CLANG_WARN_EMPTY_BODY = YES;
				CLANG_WARN_ENUM_CONVERSION = YES;
				CLANG_WARN_INFINITE_RECURSION = YES;
				CLANG_WARN_INT_CONVERSION = YES;
				CLANG_WARN_NON_LITERAL_NULL_CONVERSION = YES;
				CLANG_WARN_OBJC_IMPLICIT_RETAIN_SELF = YES;
				CLANG_WARN_OBJC_LITERAL_CONVERSION = YES;
				CLANG_WARN_OBJC_ROOT_CLASS = YES_ERROR;
				CLANG_WARN_QUOTED_INCLUDE_IN_FRAMEWORK_HEADER = YES;
				CLANG_WARN_RANGE_LOOP_ANALYSIS = YES;
				CLANG_WARN_STRICT_PROTOTYPES = YES;
				CLANG_WARN_SUSPICIOUS_MOVE = YES;
				CLANG_WARN_UNGUARDED_AVAILABILITY = YES_AGGRESSIVE;
				CLANG_WARN_UNREACHABLE_CODE = YES;
				CLANG_WARN__DUPLICATE_METHOD_MATCH = YES;
				COPY_PHASE_STRIP = NO;
				DEBUG_INFORMATION_FORMAT = dwarf;
				ENABLE_STRICT_OBJC_MSGSEND = YES;
				ENABLE_TESTABILITY = YES;
				GCC_C_LANGUAGE_STANDARD = gnu11;
				GCC_DYNAMIC_NO_PIC = NO;
				GCC_NO_COMMON_BLOCKS = YES;
				GCC_OPTIMIZATION_LEVEL = 0;
				GCC_PREPROCESSOR_DEFINITIONS = (
					"DEBUG=1",
					"$(inherited)",
				);
				GCC_WARN_64_TO_32_BIT_CONVERSION = YES;
				GCC_WARN_ABOUT_RETURN_TYPE = YES_ERROR;
				GCC_WARN_UNDECLARED_SELECTOR = YES;
				GCC_WARN_UNINITIALIZED_AUTOS = YES_AGGRESSIVE;
				GCC_WARN_UNUSED_FUNCTION = YES;
				GCC_WARN_UNUSED_VARIABLE = YES;
				IPHONEOS_DEPLOYMENT_TARGET = 14.4;
				MTL_ENABLE_DEBUG_INFO = INCLUDE_SOURCE;
				MTL_FAST_MATH = YES;
				ONLY_ACTIVE_ARCH = YES;
				SDKROOT = iphoneos;
				SWIFT_ACTIVE_COMPILATION_CONDITIONS = DEBUG;
				SWIFT_OPTIMIZATION_LEVEL = "-Onone";
			};
			name = "Debug (Production)";
		};
		AAE2E8F6261ED4630058EE13 /* Debug (Production) */ = {
			isa = XCBuildConfiguration;
			baseConfigurationReference = AAE2E90B261ED79D0058EE13 /* Production.xcconfig */;
			buildSettings = {
				ASSETCATALOG_COMPILER_APPICON_NAME = AppIcon;
				ASSETCATALOG_COMPILER_GLOBAL_ACCENT_COLOR_NAME = AccentColor;
				CODE_SIGN_STYLE = Automatic;
				DEVELOPMENT_TEAM = 7LPSTH4CZ2;
				INFOPLIST_FILE = Demo/Info.plist;
				IPHONEOS_DEPLOYMENT_TARGET = 11.0;
				LD_RUNPATH_SEARCH_PATHS = (
					"$(inherited)",
					"@executable_path/Frameworks",
				);
				PRODUCT_BUNDLE_IDENTIFIER = "$(APPBUNDLEID)";
				PRODUCT_NAME = "$(TARGET_NAME)";
				SWIFT_VERSION = 5.0;
				TARGETED_DEVICE_FAMILY = "1,2";
			};
			name = "Debug (Production)";
		};
		AAE2E8F7261ED4630058EE13 /* Debug (Production) */ = {
			isa = XCBuildConfiguration;
			baseConfigurationReference = AAE2E90B261ED79D0058EE13 /* Production.xcconfig */;
			buildSettings = {
				ALWAYS_EMBED_SWIFT_STANDARD_LIBRARIES = YES;
				BUNDLE_LOADER = "$(TEST_HOST)";
				CODE_SIGN_STYLE = Automatic;
				DEVELOPMENT_TEAM = 7LPSTH4CZ2;
				INFOPLIST_FILE = DemoTests/Info.plist;
				IPHONEOS_DEPLOYMENT_TARGET = 14.4;
				LD_RUNPATH_SEARCH_PATHS = (
					"$(inherited)",
					"@executable_path/Frameworks",
					"@loader_path/Frameworks",
				);
				PRODUCT_BUNDLE_IDENTIFIER = com.kl.test.DemoTests;
				PRODUCT_NAME = "$(TARGET_NAME)";
				SWIFT_VERSION = 5.0;
				TARGETED_DEVICE_FAMILY = "1,2";
				TEST_HOST = "$(BUILT_PRODUCTS_DIR)/Demo.app/Demo";
			};
			name = "Debug (Production)";
		};
		AAE2E8F8261ED4630058EE13 /* Debug (Production) */ = {
			isa = XCBuildConfiguration;
			baseConfigurationReference = AAE2E90B261ED79D0058EE13 /* Production.xcconfig */;
			buildSettings = {
				ALWAYS_EMBED_SWIFT_STANDARD_LIBRARIES = YES;
				CODE_SIGN_STYLE = Automatic;
				DEVELOPMENT_TEAM = 7LPSTH4CZ2;
				INFOPLIST_FILE = DemoUITests/Info.plist;
				LD_RUNPATH_SEARCH_PATHS = (
					"$(inherited)",
					"@executable_path/Frameworks",
					"@loader_path/Frameworks",
				);
				PRODUCT_BUNDLE_IDENTIFIER = com.kl.test.DemoUITests;
				PRODUCT_NAME = "$(TARGET_NAME)";
				SWIFT_VERSION = 5.0;
				TARGETED_DEVICE_FAMILY = "1,2";
				TEST_TARGET_NAME = Demo;
			};
			name = "Debug (Production)";
		};
		AAE2E8F9261ED4760058EE13 /* Release (Development) */ = {
			isa = XCBuildConfiguration;
			baseConfigurationReference = AAE2E909261ED5FB0058EE13 /* Development.xcconfig */;
			buildSettings = {
				ALWAYS_SEARCH_USER_PATHS = NO;
				CLANG_ANALYZER_NONNULL = YES;
				CLANG_ANALYZER_NUMBER_OBJECT_CONVERSION = YES_AGGRESSIVE;
				CLANG_CXX_LANGUAGE_STANDARD = "gnu++14";
				CLANG_CXX_LIBRARY = "libc++";
				CLANG_ENABLE_MODULES = YES;
				CLANG_ENABLE_OBJC_ARC = YES;
				CLANG_ENABLE_OBJC_WEAK = YES;
				CLANG_WARN_BLOCK_CAPTURE_AUTORELEASING = YES;
				CLANG_WARN_BOOL_CONVERSION = YES;
				CLANG_WARN_COMMA = YES;
				CLANG_WARN_CONSTANT_CONVERSION = YES;
				CLANG_WARN_DEPRECATED_OBJC_IMPLEMENTATIONS = YES;
				CLANG_WARN_DIRECT_OBJC_ISA_USAGE = YES_ERROR;
				CLANG_WARN_DOCUMENTATION_COMMENTS = YES;
				CLANG_WARN_EMPTY_BODY = YES;
				CLANG_WARN_ENUM_CONVERSION = YES;
				CLANG_WARN_INFINITE_RECURSION = YES;
				CLANG_WARN_INT_CONVERSION = YES;
				CLANG_WARN_NON_LITERAL_NULL_CONVERSION = YES;
				CLANG_WARN_OBJC_IMPLICIT_RETAIN_SELF = YES;
				CLANG_WARN_OBJC_LITERAL_CONVERSION = YES;
				CLANG_WARN_OBJC_ROOT_CLASS = YES_ERROR;
				CLANG_WARN_QUOTED_INCLUDE_IN_FRAMEWORK_HEADER = YES;
				CLANG_WARN_RANGE_LOOP_ANALYSIS = YES;
				CLANG_WARN_STRICT_PROTOTYPES = YES;
				CLANG_WARN_SUSPICIOUS_MOVE = YES;
				CLANG_WARN_UNGUARDED_AVAILABILITY = YES_AGGRESSIVE;
				CLANG_WARN_UNREACHABLE_CODE = YES;
				CLANG_WARN__DUPLICATE_METHOD_MATCH = YES;
				COPY_PHASE_STRIP = NO;
				DEBUG_INFORMATION_FORMAT = "dwarf-with-dsym";
				ENABLE_NS_ASSERTIONS = NO;
				ENABLE_STRICT_OBJC_MSGSEND = YES;
				GCC_C_LANGUAGE_STANDARD = gnu11;
				GCC_NO_COMMON_BLOCKS = YES;
				GCC_WARN_64_TO_32_BIT_CONVERSION = YES;
				GCC_WARN_ABOUT_RETURN_TYPE = YES_ERROR;
				GCC_WARN_UNDECLARED_SELECTOR = YES;
				GCC_WARN_UNINITIALIZED_AUTOS = YES_AGGRESSIVE;
				GCC_WARN_UNUSED_FUNCTION = YES;
				GCC_WARN_UNUSED_VARIABLE = YES;
				IPHONEOS_DEPLOYMENT_TARGET = 14.4;
				MTL_ENABLE_DEBUG_INFO = NO;
				MTL_FAST_MATH = YES;
				SDKROOT = iphoneos;
				SWIFT_COMPILATION_MODE = wholemodule;
				SWIFT_OPTIMIZATION_LEVEL = "-O";
				VALIDATE_PRODUCT = YES;
			};
			name = "Release (Development)";
		};
		AAE2E8FA261ED4760058EE13 /* Release (Development) */ = {
			isa = XCBuildConfiguration;
			baseConfigurationReference = AAE2E909261ED5FB0058EE13 /* Development.xcconfig */;
			buildSettings = {
				ASSETCATALOG_COMPILER_APPICON_NAME = AppIcon;
				ASSETCATALOG_COMPILER_GLOBAL_ACCENT_COLOR_NAME = AccentColor;
				CODE_SIGN_STYLE = Automatic;
				DEVELOPMENT_TEAM = 7LPSTH4CZ2;
				INFOPLIST_FILE = Demo/Info.plist;
				IPHONEOS_DEPLOYMENT_TARGET = 11.0;
				LD_RUNPATH_SEARCH_PATHS = (
					"$(inherited)",
					"@executable_path/Frameworks",
				);
				PRODUCT_BUNDLE_IDENTIFIER = "$(APPBUNDLEID)";
				PRODUCT_NAME = "$(TARGET_NAME)";
				SWIFT_VERSION = 5.0;
				TARGETED_DEVICE_FAMILY = "1,2";
			};
			name = "Release (Development)";
		};
		AAE2E8FB261ED4760058EE13 /* Release (Development) */ = {
			isa = XCBuildConfiguration;
			baseConfigurationReference = AAE2E909261ED5FB0058EE13 /* Development.xcconfig */;
			buildSettings = {
				ALWAYS_EMBED_SWIFT_STANDARD_LIBRARIES = YES;
				BUNDLE_LOADER = "$(TEST_HOST)";
				CODE_SIGN_STYLE = Automatic;
				DEVELOPMENT_TEAM = 7LPSTH4CZ2;
				INFOPLIST_FILE = DemoTests/Info.plist;
				IPHONEOS_DEPLOYMENT_TARGET = 14.4;
				LD_RUNPATH_SEARCH_PATHS = (
					"$(inherited)",
					"@executable_path/Frameworks",
					"@loader_path/Frameworks",
				);
				PRODUCT_BUNDLE_IDENTIFIER = com.kl.test.DemoTests;
				PRODUCT_NAME = "$(TARGET_NAME)";
				SWIFT_VERSION = 5.0;
				TARGETED_DEVICE_FAMILY = "1,2";
				TEST_HOST = "$(BUILT_PRODUCTS_DIR)/Demo.app/Demo";
			};
			name = "Release (Development)";
		};
		AAE2E8FC261ED4760058EE13 /* Release (Development) */ = {
			isa = XCBuildConfiguration;
			baseConfigurationReference = AAE2E909261ED5FB0058EE13 /* Development.xcconfig */;
			buildSettings = {
				ALWAYS_EMBED_SWIFT_STANDARD_LIBRARIES = YES;
				CODE_SIGN_STYLE = Automatic;
				DEVELOPMENT_TEAM = 7LPSTH4CZ2;
				INFOPLIST_FILE = DemoUITests/Info.plist;
				LD_RUNPATH_SEARCH_PATHS = (
					"$(inherited)",
					"@executable_path/Frameworks",
					"@loader_path/Frameworks",
				);
				PRODUCT_BUNDLE_IDENTIFIER = com.kl.test.DemoUITests;
				PRODUCT_NAME = "$(TARGET_NAME)";
				SWIFT_VERSION = 5.0;
				TARGETED_DEVICE_FAMILY = "1,2";
				TEST_TARGET_NAME = Demo;
			};
			name = "Release (Development)";
		};
		AAE2E8FD261ED49B0058EE13 /* Release (Staging) */ = {
			isa = XCBuildConfiguration;
			baseConfigurationReference = AAE2E90A261ED7880058EE13 /* Staging.xcconfig */;
			buildSettings = {
				ALWAYS_SEARCH_USER_PATHS = NO;
				CLANG_ANALYZER_NONNULL = YES;
				CLANG_ANALYZER_NUMBER_OBJECT_CONVERSION = YES_AGGRESSIVE;
				CLANG_CXX_LANGUAGE_STANDARD = "gnu++14";
				CLANG_CXX_LIBRARY = "libc++";
				CLANG_ENABLE_MODULES = YES;
				CLANG_ENABLE_OBJC_ARC = YES;
				CLANG_ENABLE_OBJC_WEAK = YES;
				CLANG_WARN_BLOCK_CAPTURE_AUTORELEASING = YES;
				CLANG_WARN_BOOL_CONVERSION = YES;
				CLANG_WARN_COMMA = YES;
				CLANG_WARN_CONSTANT_CONVERSION = YES;
				CLANG_WARN_DEPRECATED_OBJC_IMPLEMENTATIONS = YES;
				CLANG_WARN_DIRECT_OBJC_ISA_USAGE = YES_ERROR;
				CLANG_WARN_DOCUMENTATION_COMMENTS = YES;
				CLANG_WARN_EMPTY_BODY = YES;
				CLANG_WARN_ENUM_CONVERSION = YES;
				CLANG_WARN_INFINITE_RECURSION = YES;
				CLANG_WARN_INT_CONVERSION = YES;
				CLANG_WARN_NON_LITERAL_NULL_CONVERSION = YES;
				CLANG_WARN_OBJC_IMPLICIT_RETAIN_SELF = YES;
				CLANG_WARN_OBJC_LITERAL_CONVERSION = YES;
				CLANG_WARN_OBJC_ROOT_CLASS = YES_ERROR;
				CLANG_WARN_QUOTED_INCLUDE_IN_FRAMEWORK_HEADER = YES;
				CLANG_WARN_RANGE_LOOP_ANALYSIS = YES;
				CLANG_WARN_STRICT_PROTOTYPES = YES;
				CLANG_WARN_SUSPICIOUS_MOVE = YES;
				CLANG_WARN_UNGUARDED_AVAILABILITY = YES_AGGRESSIVE;
				CLANG_WARN_UNREACHABLE_CODE = YES;
				CLANG_WARN__DUPLICATE_METHOD_MATCH = YES;
				COPY_PHASE_STRIP = NO;
				DEBUG_INFORMATION_FORMAT = "dwarf-with-dsym";
				ENABLE_NS_ASSERTIONS = NO;
				ENABLE_STRICT_OBJC_MSGSEND = YES;
				GCC_C_LANGUAGE_STANDARD = gnu11;
				GCC_NO_COMMON_BLOCKS = YES;
				GCC_WARN_64_TO_32_BIT_CONVERSION = YES;
				GCC_WARN_ABOUT_RETURN_TYPE = YES_ERROR;
				GCC_WARN_UNDECLARED_SELECTOR = YES;
				GCC_WARN_UNINITIALIZED_AUTOS = YES_AGGRESSIVE;
				GCC_WARN_UNUSED_FUNCTION = YES;
				GCC_WARN_UNUSED_VARIABLE = YES;
				IPHONEOS_DEPLOYMENT_TARGET = 14.4;
				MTL_ENABLE_DEBUG_INFO = NO;
				MTL_FAST_MATH = YES;
				SDKROOT = iphoneos;
				SWIFT_COMPILATION_MODE = wholemodule;
				SWIFT_OPTIMIZATION_LEVEL = "-O";
				VALIDATE_PRODUCT = YES;
			};
			name = "Release (Staging)";
		};
		AAE2E8FE261ED49B0058EE13 /* Release (Staging) */ = {
			isa = XCBuildConfiguration;
			baseConfigurationReference = AAE2E90A261ED7880058EE13 /* Staging.xcconfig */;
			buildSettings = {
				ASSETCATALOG_COMPILER_APPICON_NAME = AppIcon;
				ASSETCATALOG_COMPILER_GLOBAL_ACCENT_COLOR_NAME = AccentColor;
				CODE_SIGN_STYLE = Automatic;
				DEVELOPMENT_TEAM = 7LPSTH4CZ2;
				INFOPLIST_FILE = Demo/Info.plist;
				IPHONEOS_DEPLOYMENT_TARGET = 11.0;
				LD_RUNPATH_SEARCH_PATHS = (
					"$(inherited)",
					"@executable_path/Frameworks",
				);
				PRODUCT_BUNDLE_IDENTIFIER = "$(APPBUNDLEID)";
				PRODUCT_NAME = "$(TARGET_NAME)";
				SWIFT_VERSION = 5.0;
				TARGETED_DEVICE_FAMILY = "1,2";
			};
			name = "Release (Staging)";
		};
		AAE2E8FF261ED49B0058EE13 /* Release (Staging) */ = {
			isa = XCBuildConfiguration;
			baseConfigurationReference = AAE2E90A261ED7880058EE13 /* Staging.xcconfig */;
			buildSettings = {
				ALWAYS_EMBED_SWIFT_STANDARD_LIBRARIES = YES;
				BUNDLE_LOADER = "$(TEST_HOST)";
				CODE_SIGN_STYLE = Automatic;
				DEVELOPMENT_TEAM = 7LPSTH4CZ2;
				INFOPLIST_FILE = DemoTests/Info.plist;
				IPHONEOS_DEPLOYMENT_TARGET = 14.4;
				LD_RUNPATH_SEARCH_PATHS = (
					"$(inherited)",
					"@executable_path/Frameworks",
					"@loader_path/Frameworks",
				);
				PRODUCT_BUNDLE_IDENTIFIER = com.kl.test.DemoTests;
				PRODUCT_NAME = "$(TARGET_NAME)";
				SWIFT_VERSION = 5.0;
				TARGETED_DEVICE_FAMILY = "1,2";
				TEST_HOST = "$(BUILT_PRODUCTS_DIR)/Demo.app/Demo";
			};
			name = "Release (Staging)";
		};
		AAE2E900261ED49B0058EE13 /* Release (Staging) */ = {
			isa = XCBuildConfiguration;
			baseConfigurationReference = AAE2E90A261ED7880058EE13 /* Staging.xcconfig */;
			buildSettings = {
				ALWAYS_EMBED_SWIFT_STANDARD_LIBRARIES = YES;
				CODE_SIGN_STYLE = Automatic;
				DEVELOPMENT_TEAM = 7LPSTH4CZ2;
				INFOPLIST_FILE = DemoUITests/Info.plist;
				LD_RUNPATH_SEARCH_PATHS = (
					"$(inherited)",
					"@executable_path/Frameworks",
					"@loader_path/Frameworks",
				);
				PRODUCT_BUNDLE_IDENTIFIER = com.kl.test.DemoUITests;
				PRODUCT_NAME = "$(TARGET_NAME)";
				SWIFT_VERSION = 5.0;
				TARGETED_DEVICE_FAMILY = "1,2";
				TEST_TARGET_NAME = Demo;
			};
			name = "Release (Staging)";
		};
		AAE2E901261ED4A40058EE13 /* Release (Production) */ = {
			isa = XCBuildConfiguration;
			baseConfigurationReference = AAE2E90B261ED79D0058EE13 /* Production.xcconfig */;
			buildSettings = {
				ALWAYS_SEARCH_USER_PATHS = NO;
				CLANG_ANALYZER_NONNULL = YES;
				CLANG_ANALYZER_NUMBER_OBJECT_CONVERSION = YES_AGGRESSIVE;
				CLANG_CXX_LANGUAGE_STANDARD = "gnu++14";
				CLANG_CXX_LIBRARY = "libc++";
				CLANG_ENABLE_MODULES = YES;
				CLANG_ENABLE_OBJC_ARC = YES;
				CLANG_ENABLE_OBJC_WEAK = YES;
				CLANG_WARN_BLOCK_CAPTURE_AUTORELEASING = YES;
				CLANG_WARN_BOOL_CONVERSION = YES;
				CLANG_WARN_COMMA = YES;
				CLANG_WARN_CONSTANT_CONVERSION = YES;
				CLANG_WARN_DEPRECATED_OBJC_IMPLEMENTATIONS = YES;
				CLANG_WARN_DIRECT_OBJC_ISA_USAGE = YES_ERROR;
				CLANG_WARN_DOCUMENTATION_COMMENTS = YES;
				CLANG_WARN_EMPTY_BODY = YES;
				CLANG_WARN_ENUM_CONVERSION = YES;
				CLANG_WARN_INFINITE_RECURSION = YES;
				CLANG_WARN_INT_CONVERSION = YES;
				CLANG_WARN_NON_LITERAL_NULL_CONVERSION = YES;
				CLANG_WARN_OBJC_IMPLICIT_RETAIN_SELF = YES;
				CLANG_WARN_OBJC_LITERAL_CONVERSION = YES;
				CLANG_WARN_OBJC_ROOT_CLASS = YES_ERROR;
				CLANG_WARN_QUOTED_INCLUDE_IN_FRAMEWORK_HEADER = YES;
				CLANG_WARN_RANGE_LOOP_ANALYSIS = YES;
				CLANG_WARN_STRICT_PROTOTYPES = YES;
				CLANG_WARN_SUSPICIOUS_MOVE = YES;
				CLANG_WARN_UNGUARDED_AVAILABILITY = YES_AGGRESSIVE;
				CLANG_WARN_UNREACHABLE_CODE = YES;
				CLANG_WARN__DUPLICATE_METHOD_MATCH = YES;
				COPY_PHASE_STRIP = NO;
				DEBUG_INFORMATION_FORMAT = "dwarf-with-dsym";
				ENABLE_NS_ASSERTIONS = NO;
				ENABLE_STRICT_OBJC_MSGSEND = YES;
				GCC_C_LANGUAGE_STANDARD = gnu11;
				GCC_NO_COMMON_BLOCKS = YES;
				GCC_WARN_64_TO_32_BIT_CONVERSION = YES;
				GCC_WARN_ABOUT_RETURN_TYPE = YES_ERROR;
				GCC_WARN_UNDECLARED_SELECTOR = YES;
				GCC_WARN_UNINITIALIZED_AUTOS = YES_AGGRESSIVE;
				GCC_WARN_UNUSED_FUNCTION = YES;
				GCC_WARN_UNUSED_VARIABLE = YES;
				IPHONEOS_DEPLOYMENT_TARGET = 14.4;
				MTL_ENABLE_DEBUG_INFO = NO;
				MTL_FAST_MATH = YES;
				SDKROOT = iphoneos;
				SWIFT_COMPILATION_MODE = wholemodule;
				SWIFT_OPTIMIZATION_LEVEL = "-O";
				VALIDATE_PRODUCT = YES;
			};
			name = "Release (Production)";
		};
		AAE2E902261ED4A40058EE13 /* Release (Production) */ = {
			isa = XCBuildConfiguration;
			baseConfigurationReference = AAE2E90B261ED79D0058EE13 /* Production.xcconfig */;
			buildSettings = {
				ASSETCATALOG_COMPILER_APPICON_NAME = AppIcon;
				ASSETCATALOG_COMPILER_GLOBAL_ACCENT_COLOR_NAME = AccentColor;
				CODE_SIGN_STYLE = Automatic;
				DEVELOPMENT_TEAM = 7LPSTH4CZ2;
				INFOPLIST_FILE = Demo/Info.plist;
				IPHONEOS_DEPLOYMENT_TARGET = 11.0;
				LD_RUNPATH_SEARCH_PATHS = (
					"$(inherited)",
					"@executable_path/Frameworks",
				);
				PRODUCT_BUNDLE_IDENTIFIER = "$(APPBUNDLEID)";
				PRODUCT_NAME = "$(TARGET_NAME)";
				SWIFT_VERSION = 5.0;
				TARGETED_DEVICE_FAMILY = "1,2";
			};
			name = "Release (Production)";
		};
		AAE2E903261ED4A40058EE13 /* Release (Production) */ = {
			isa = XCBuildConfiguration;
			baseConfigurationReference = AAE2E90B261ED79D0058EE13 /* Production.xcconfig */;
			buildSettings = {
				ALWAYS_EMBED_SWIFT_STANDARD_LIBRARIES = YES;
				BUNDLE_LOADER = "$(TEST_HOST)";
				CODE_SIGN_STYLE = Automatic;
				DEVELOPMENT_TEAM = 7LPSTH4CZ2;
				INFOPLIST_FILE = DemoTests/Info.plist;
				IPHONEOS_DEPLOYMENT_TARGET = 14.4;
				LD_RUNPATH_SEARCH_PATHS = (
					"$(inherited)",
					"@executable_path/Frameworks",
					"@loader_path/Frameworks",
				);
				PRODUCT_BUNDLE_IDENTIFIER = com.kl.test.DemoTests;
				PRODUCT_NAME = "$(TARGET_NAME)";
				SWIFT_VERSION = 5.0;
				TARGETED_DEVICE_FAMILY = "1,2";
				TEST_HOST = "$(BUILT_PRODUCTS_DIR)/Demo.app/Demo";
			};
			name = "Release (Production)";
		};
		AAE2E904261ED4A40058EE13 /* Release (Production) */ = {
			isa = XCBuildConfiguration;
			baseConfigurationReference = AAE2E90B261ED79D0058EE13 /* Production.xcconfig */;
			buildSettings = {
				ALWAYS_EMBED_SWIFT_STANDARD_LIBRARIES = YES;
				CODE_SIGN_STYLE = Automatic;
				DEVELOPMENT_TEAM = 7LPSTH4CZ2;
				INFOPLIST_FILE = DemoUITests/Info.plist;
				LD_RUNPATH_SEARCH_PATHS = (
					"$(inherited)",
					"@executable_path/Frameworks",
					"@loader_path/Frameworks",
				);
				PRODUCT_BUNDLE_IDENTIFIER = com.kl.test.DemoUITests;
				PRODUCT_NAME = "$(TARGET_NAME)";
				SWIFT_VERSION = 5.0;
				TARGETED_DEVICE_FAMILY = "1,2";
				TEST_TARGET_NAME = Demo;
			};
			name = "Release (Production)";
		};
/* End XCBuildConfiguration section */

/* Begin XCConfigurationList section */
		AAE2E8AC261ED3D90058EE13 /* Build configuration list for PBXProject "Demo" */ = {
			isa = XCConfigurationList;
			buildConfigurations = (
				AAE2E8ED261ED4350058EE13 /* Debug (Development) */,
				AAE2E8F1261ED4560058EE13 /* Debug (Staging) */,
				AAE2E8F5261ED4630058EE13 /* Debug (Production) */,
				AAE2E8F9261ED4760058EE13 /* Release (Development) */,
				AAE2E8FD261ED49B0058EE13 /* Release (Staging) */,
				AAE2E901261ED4A40058EE13 /* Release (Production) */,
			);
			defaultConfigurationIsVisible = 0;
			defaultConfigurationName = "Debug (Development)";
		};
		AAE2E8DE261ED3DB0058EE13 /* Build configuration list for PBXNativeTarget "Demo" */ = {
			isa = XCConfigurationList;
			buildConfigurations = (
				AAE2E8EE261ED4350058EE13 /* Debug (Development) */,
				AAE2E8F2261ED4560058EE13 /* Debug (Staging) */,
				AAE2E8F6261ED4630058EE13 /* Debug (Production) */,
				AAE2E8FA261ED4760058EE13 /* Release (Development) */,
				AAE2E8FE261ED49B0058EE13 /* Release (Staging) */,
				AAE2E902261ED4A40058EE13 /* Release (Production) */,
			);
			defaultConfigurationIsVisible = 0;
			defaultConfigurationName = "Debug (Development)";
		};
		AAE2E8E1261ED3DB0058EE13 /* Build configuration list for PBXNativeTarget "DemoTests" */ = {
			isa = XCConfigurationList;
			buildConfigurations = (
				AAE2E8EF261ED4350058EE13 /* Debug (Development) */,
				AAE2E8F3261ED4560058EE13 /* Debug (Staging) */,
				AAE2E8F7261ED4630058EE13 /* Debug (Production) */,
				AAE2E8FB261ED4760058EE13 /* Release (Development) */,
				AAE2E8FF261ED49B0058EE13 /* Release (Staging) */,
				AAE2E903261ED4A40058EE13 /* Release (Production) */,
			);
			defaultConfigurationIsVisible = 0;
			defaultConfigurationName = "Debug (Development)";
		};
		AAE2E8E4261ED3DB0058EE13 /* Build configuration list for PBXNativeTarget "DemoUITests" */ = {
			isa = XCConfigurationList;
			buildConfigurations = (
				AAE2E8F0261ED4350058EE13 /* Debug (Development) */,
				AAE2E8F4261ED4560058EE13 /* Debug (Staging) */,
				AAE2E8F8261ED4630058EE13 /* Debug (Production) */,
				AAE2E8FC261ED4760058EE13 /* Release (Development) */,
				AAE2E900261ED49B0058EE13 /* Release (Staging) */,
				AAE2E904261ED4A40058EE13 /* Release (Production) */,
			);
			defaultConfigurationIsVisible = 0;
			defaultConfigurationName = "Debug (Development)";
		};
/* End XCConfigurationList section */

/* Begin XCVersionGroup section */
		AA52C0C9261F8DC600892EB3 /* Demo.xcdatamodeld */ = {
			isa = XCVersionGroup;
			children = (
				AA52C0CA261F8DC600892EB3 /* Demo.xcdatamodel */,
			);
			currentVersion = AA52C0CA261F8DC600892EB3 /* Demo.xcdatamodel */;
			path = Demo.xcdatamodeld;
			sourceTree = "<group>";
			versionGroupType = wrapper.xcdatamodel;
		};
/* End XCVersionGroup section */
	};
	rootObject = AAE2E8A9261ED3D90058EE13 /* Project object */;
}
